{
  "originHash" : "0523bf06acb04f5f57cbd651a3c2b005eab24678c74155c512cdfbd09d990adc",
  "pins" : [
    {
      "identity" : "swifttipjar",
      "kind" : "remoteSourceControl",
      "location" : "https://github.com/dkasaj/SwiftTipJar",
      "state" : {
        "revision" : "03a98386da39ebd38a190b3ea5e5909e4bb3a0b7",
        "version" : "1.1.0"
      }
    }
  ],
  "version" : 3
}
