// !$*UTF8*$!
{
	archiveVersion = 1;
	classes = {
	};
	objectVersion = 56;
	objects = {

/* Begin PBXBuildFile section */
		A7012F062BF0A8C20021415B /* SettingsView.swift in Sources */ = {isa = PBXBuildFile; fileRef = A7012F052BF0A8C20021415B /* SettingsView.swift */; };
		A7012F082BF0AB8D0021415B /* AppleDBView.swift in Sources */ = {isa = PBXBuildFile; fileRef = A7012F072BF0AB8D0021415B /* AppleDBView.swift */; };
		A7012F122BF1739E0021415B /* Display.swift in Sources */ = {isa = PBXBuildFile; fileRef = A7012F112BF1739E0021415B /* Display.swift */; };
		A7012F142BF173A80021415B /* Languages.swift in Sources */ = {isa = PBXBuildFile; fileRef = A7012F132BF173A80021415B /* Languages.swift */; };
		A7012F162BF173BB0021415B /* Licences.swift in Sources */ = {isa = PBXBuildFile; fileRef = A7012F152BF173BB0021415B /* Licences.swift */; };
		A7012F182BF173C60021415B /* GithubRepository.swift in Sources */ = {isa = PBXBuildFile; fileRef = A7012F172BF173C60021415B /* GithubRepository.swift */; };
		A7012F1A2BF173D70021415B /* SupportViaKoFi.swift in Sources */ = {isa = PBXBuildFile; fileRef = A7012F192BF173D70021415B /* SupportViaKoFi.swift */; };
		A7012F1C2BF173E60021415B /* ClearNetworkCache.swift in Sources */ = {isa = PBXBuildFile; fileRef = A7012F1B2BF173E60021415B /* ClearNetworkCache.swift */; };
		A7012F1E2BF174020021415B /* ResetSettings.swift in Sources */ = {isa = PBXBuildFile; fileRef = A7012F1D2BF174020021415B /* ResetSettings.swift */; };
		A7012F222BF187C90021415B /* NavigationLinkInator.swift in Sources */ = {isa = PBXBuildFile; fileRef = A7012F212BF187C90021415B /* NavigationLinkInator.swift */; };
		A7012F242BF187D60021415B /* ColorExtensionInator.swift in Sources */ = {isa = PBXBuildFile; fileRef = A7012F232BF187D60021415B /* ColorExtensionInator.swift */; };
		A7012F262BF187E40021415B /* TextExtensionInator.swift in Sources */ = {isa = PBXBuildFile; fileRef = A7012F252BF187E40021415B /* TextExtensionInator.swift */; };
		A736A8F32BE83BE70086418E /* SoundView.swift in Sources */ = {isa = PBXBuildFile; fileRef = A736A8F22BE83BE70086418E /* SoundView.swift */; };
		A769E5342BE8389D00DFAD00 /* PearDBApp.swift in Sources */ = {isa = PBXBuildFile; fileRef = A769E5332BE8389D00DFAD00 /* PearDBApp.swift */; };
		A769E5362BE8389D00DFAD00 /* ContentView.swift in Sources */ = {isa = PBXBuildFile; fileRef = A769E5352BE8389D00DFAD00 /* ContentView.swift */; };
		A769E5382BE8389E00DFAD00 /* Assets.xcassets in Resources */ = {isa = PBXBuildFile; fileRef = A769E5372BE8389E00DFAD00 /* Assets.xcassets */; };
		A769E53B2BE8389E00DFAD00 /* Preview Assets.xcassets in Resources */ = {isa = PBXBuildFile; fileRef = A769E53A2BE8389E00DFAD00 /* Preview Assets.xcassets */; };
		A769E53D2BE8389E00DFAD00 /* Persistence.swift in Sources */ = {isa = PBXBuildFile; fileRef = A769E53C2BE8389E00DFAD00 /* Persistence.swift */; };
		A769E5402BE8389E00DFAD00 /* PearDB.xcdatamodeld in Sources */ = {isa = PBXBuildFile; fileRef = A769E53E2BE8389E00DFAD00 /* PearDB.xcdatamodeld */; };
		A769E54D2BE8399C00DFAD00 /* PearDBWatchApp.swift in Sources */ = {isa = PBXBuildFile; fileRef = A769E54C2BE8399C00DFAD00 /* PearDBWatchApp.swift */; };
		A769E54F2BE8399C00DFAD00 /* ContentView.swift in Sources */ = {isa = PBXBuildFile; fileRef = A769E54E2BE8399C00DFAD00 /* ContentView.swift */; };
		A769E5512BE8399D00DFAD00 /* Assets.xcassets in Resources */ = {isa = PBXBuildFile; fileRef = A769E5502BE8399D00DFAD00 /* Assets.xcassets */; };
		A769E5542BE8399D00DFAD00 /* Preview Assets.xcassets in Resources */ = {isa = PBXBuildFile; fileRef = A769E5532BE8399D00DFAD00 /* Preview Assets.xcassets */; };
		A769E5572BE8399D00DFAD00 /* PearDB.app in Embed Watch Content */ = {isa = PBXBuildFile; fileRef = A769E54A2BE8399C00DFAD00 /* PearDB.app */; settings = {ATTRIBUTES = (RemoveHeadersOnCopy, ); }; };
/* End PBXBuildFile section */

/* Begin PBXContainerItemProxy section */
		A769E5552BE8399D00DFAD00 /* PBXContainerItemProxy */ = {
			isa = PBXContainerItemProxy;
			containerPortal = A769E5282BE8389D00DFAD00 /* Project object */;
			proxyType = 1;
			remoteGlobalIDString = A769E5492BE8399C00DFAD00;
			remoteInfo = "PearDB Watch App";
		};
/* End PBXContainerItemProxy section */

/* Begin PBXCopyFilesBuildPhase section */
		A769E55B2BE8399D00DFAD00 /* Embed Watch Content */ = {
			isa = PBXCopyFilesBuildPhase;
			buildActionMask = 2147483647;
			dstPath = "$(CONTENTS_FOLDER_PATH)/Watch";
			dstSubfolderSpec = 16;
			files = (
				A769E5572BE8399D00DFAD00 /* PearDB.app in Embed Watch Content */,
			);
			name = "Embed Watch Content";
			runOnlyForDeploymentPostprocessing = 0;
		};
/* End PBXCopyFilesBuildPhase section */

/* Begin PBXFileReference section */
		A7012F052BF0A8C20021415B /* SettingsView.swift */ = {isa = PBXFileReference; lastKnownFileType = sourcecode.swift; path = SettingsView.swift; sourceTree = "<group>"; };
		A7012F072BF0AB8D0021415B /* AppleDBView.swift */ = {isa = PBXFileReference; lastKnownFileType = sourcecode.swift; path = AppleDBView.swift; sourceTree = "<group>"; };
		A7012F112BF1739E0021415B /* Display.swift */ = {isa = PBXFileReference; lastKnownFileType = sourcecode.swift; path = Display.swift; sourceTree = "<group>"; };
		A7012F132BF173A80021415B /* Languages.swift */ = {isa = PBXFileReference; lastKnownFileType = sourcecode.swift; path = Languages.swift; sourceTree = "<group>"; };
		A7012F152BF173BB0021415B /* Licences.swift */ = {isa = PBXFileReference; lastKnownFileType = sourcecode.swift; path = Licences.swift; sourceTree = "<group>"; };
		A7012F172BF173C60021415B /* GithubRepository.swift */ = {isa = PBXFileReference; lastKnownFileType = sourcecode.swift; path = GithubRepository.swift; sourceTree = "<group>"; };
		A7012F192BF173D70021415B /* SupportViaKoFi.swift */ = {isa = PBXFileReference; lastKnownFileType = sourcecode.swift; path = SupportViaKoFi.swift; sourceTree = "<group>"; };
		A7012F1B2BF173E60021415B /* ClearNetworkCache.swift */ = {isa = PBXFileReference; lastKnownFileType = sourcecode.swift; path = ClearNetworkCache.swift; sourceTree = "<group>"; };
		A7012F1D2BF174020021415B /* ResetSettings.swift */ = {isa = PBXFileReference; lastKnownFileType = sourcecode.swift; path = ResetSettings.swift; sourceTree = "<group>"; };
		A7012F212BF187C90021415B /* NavigationLinkInator.swift */ = {isa = PBXFileReference; lastKnownFileType = sourcecode.swift; path = NavigationLinkInator.swift; sourceTree = "<group>"; };
		A7012F232BF187D60021415B /* ColorExtensionInator.swift */ = {isa = PBXFileReference; lastKnownFileType = sourcecode.swift; path = ColorExtensionInator.swift; sourceTree = "<group>"; };
		A7012F252BF187E40021415B /* TextExtensionInator.swift */ = {isa = PBXFileReference; lastKnownFileType = sourcecode.swift; path = TextExtensionInator.swift; sourceTree = "<group>"; };
		A736A8F22BE83BE70086418E /* SoundView.swift */ = {isa = PBXFileReference; fileEncoding = 4; lastKnownFileType = sourcecode.swift; path = SoundView.swift; sourceTree = "<group>"; };
		A769E5302BE8389D00DFAD00 /* PearDB.app */ = {isa = PBXFileReference; explicitFileType = wrapper.application; includeInIndex = 0; path = PearDB.app; sourceTree = BUILT_PRODUCTS_DIR; };
		A769E5332BE8389D00DFAD00 /* PearDBApp.swift */ = {isa = PBXFileReference; lastKnownFileType = sourcecode.swift; path = PearDBApp.swift; sourceTree = "<group>"; };
		A769E5352BE8389D00DFAD00 /* ContentView.swift */ = {isa = PBXFileReference; lastKnownFileType = sourcecode.swift; path = ContentView.swift; sourceTree = "<group>"; };
		A769E5372BE8389E00DFAD00 /* Assets.xcassets */ = {isa = PBXFileReference; lastKnownFileType = folder.assetcatalog; path = Assets.xcassets; sourceTree = "<group>"; };
		A769E53A2BE8389E00DFAD00 /* Preview Assets.xcassets */ = {isa = PBXFileReference; lastKnownFileType = folder.assetcatalog; path = "Preview Assets.xcassets"; sourceTree = "<group>"; };
		A769E53C2BE8389E00DFAD00 /* Persistence.swift */ = {isa = PBXFileReference; lastKnownFileType = sourcecode.swift; path = Persistence.swift; sourceTree = "<group>"; };
		A769E53F2BE8389E00DFAD00 /* PearDB.xcdatamodel */ = {isa = PBXFileReference; lastKnownFileType = wrapper.xcdatamodel; path = PearDB.xcdatamodel; sourceTree = "<group>"; };
		A769E54A2BE8399C00DFAD00 /* PearDB.app */ = {isa = PBXFileReference; explicitFileType = wrapper.application; includeInIndex = 0; path = PearDB.app; sourceTree = BUILT_PRODUCTS_DIR; };
		A769E54C2BE8399C00DFAD00 /* PearDBWatchApp.swift */ = {isa = PBXFileReference; lastKnownFileType = sourcecode.swift; path = PearDBWatchApp.swift; sourceTree = "<group>"; };
		A769E54E2BE8399C00DFAD00 /* ContentView.swift */ = {isa = PBXFileReference; lastKnownFileType = sourcecode.swift; path = ContentView.swift; sourceTree = "<group>"; };
		A769E5502BE8399D00DFAD00 /* Assets.xcassets */ = {isa = PBXFileReference; lastKnownFileType = folder.assetcatalog; path = Assets.xcassets; sourceTree = "<group>"; };
		A769E5532BE8399D00DFAD00 /* Preview Assets.xcassets */ = {isa = PBXFileReference; lastKnownFileType = folder.assetcatalog; path = "Preview Assets.xcassets"; sourceTree = "<group>"; };
/* End PBXFileReference section */

/* Begin PBXFrameworksBuildPhase section */
		A769E52D2BE8389D00DFAD00 /* Frameworks */ = {
			isa = PBXFrameworksBuildPhase;
			buildActionMask = 2147483647;
			files = (
			);
			runOnlyForDeploymentPostprocessing = 0;
		};
		A769E5472BE8399C00DFAD00 /* Frameworks */ = {
			isa = PBXFrameworksBuildPhase;
			buildActionMask = 2147483647;
			files = (
			);
			runOnlyForDeploymentPostprocessing = 0;
		};
/* End PBXFrameworksBuildPhase section */

/* Begin PBXGroup section */
		A7012F092BF0ABC00021415B /* Views */ = {
			isa = PBXGroup;
			children = (
				A7012F052BF0A8C20021415B /* SettingsView.swift */,
				A7012F072BF0AB8D0021415B /* AppleDBView.swift */,
			);
			path = Views;
			sourceTree = "<group>";
		};
		A7012F0D2BF0B5250021415B /* Inators */ = {
			isa = PBXGroup;
			children = (
				A7012F212BF187C90021415B /* NavigationLinkInator.swift */,
				A7012F232BF187D60021415B /* ColorExtensionInator.swift */,
				A7012F252BF187E40021415B /* TextExtensionInator.swift */,
			);
			path = Inators;
			sourceTree = "<group>";
		};
		A7012F102BF173800021415B /* Settings */ = {
			isa = PBXGroup;
			children = (
				A7012F112BF1739E0021415B /* Display.swift */,
				A7012F152BF173BB0021415B /* Licences.swift */,
				A7012F132BF173A80021415B /* Languages.swift */,
				A7012F1D2BF174020021415B /* ResetSettings.swift */,
				A7012F192BF173D70021415B /* SupportViaKoFi.swift */,
				A7012F172BF173C60021415B /* GithubRepository.swift */,
				A7012F1B2BF173E60021415B /* ClearNetworkCache.swift */,
			);
			path = Settings;
			sourceTree = "<group>";
		};
		A769E5272BE8389D00DFAD00 = {
			isa = PBXGroup;
			children = (
				A769E5322BE8389D00DFAD00 /* PearDB */,
				A769E54B2BE8399C00DFAD00 /* PearDB Watch App */,
				A769E5312BE8389D00DFAD00 /* Products */,
			);
			sourceTree = "<group>";
		};
		A769E5312BE8389D00DFAD00 /* Products */ = {
			isa = PBXGroup;
			children = (
				A769E5302BE8389D00DFAD00 /* PearDB.app */,
				A769E54A2BE8399C00DFAD00 /* PearDB.app */,
			);
			name = Products;
			sourceTree = "<group>";
		};
		A769E5322BE8389D00DFAD00 /* PearDB */ = {
			isa = PBXGroup;
			children = (
				A7012F102BF173800021415B /* Settings */,
				A7012F0D2BF0B5250021415B /* Inators */,
				A7012F092BF0ABC00021415B /* Views */,
				A769E5332BE8389D00DFAD00 /* PearDBApp.swift */,
				A769E5352BE8389D00DFAD00 /* ContentView.swift */,
				A769E5372BE8389E00DFAD00 /* Assets.xcassets */,
				A769E53C2BE8389E00DFAD00 /* Persistence.swift */,
				A769E53E2BE8389E00DFAD00 /* PearDB.xcdatamodeld */,
				A769E5392BE8389E00DFAD00 /* Preview Content */,
			);
			path = PearDB;
			sourceTree = "<group>";
		};
		A769E5392BE8389E00DFAD00 /* Preview Content */ = {
			isa = PBXGroup;
			children = (
				A769E53A2BE8389E00DFAD00 /* Preview Assets.xcassets */,
			);
			path = "Preview Content";
			sourceTree = "<group>";
		};
		A769E54B2BE8399C00DFAD00 /* PearDB Watch App */ = {
			isa = PBXGroup;
			children = (
				A769E54C2BE8399C00DFAD00 /* PearDBWatchApp.swift */,
				A769E54E2BE8399C00DFAD00 /* ContentView.swift */,
				A736A8F22BE83BE70086418E /* SoundView.swift */,
				A769E5502BE8399D00DFAD00 /* Assets.xcassets */,
				A769E5522BE8399D00DFAD00 /* Preview Content */,
			);
			path = "PearDB Watch App";
			sourceTree = "<group>";
		};
		A769E5522BE8399D00DFAD00 /* Preview Content */ = {
			isa = PBXGroup;
			children = (
				A769E5532BE8399D00DFAD00 /* Preview Assets.xcassets */,
			);
			path = "Preview Content";
			sourceTree = "<group>";
		};
/* End PBXGroup section */

/* Begin PBXNativeTarget section */
		A769E52F2BE8389D00DFAD00 /* PearDB */ = {
			isa = PBXNativeTarget;
			buildConfigurationList = A769E5432BE8389E00DFAD00 /* Build configuration list for PBXNativeTarget "PearDB" */;
			buildPhases = (
				A769E52C2BE8389D00DFAD00 /* Sources */,
				A769E52D2BE8389D00DFAD00 /* Frameworks */,
				A769E52E2BE8389D00DFAD00 /* Resources */,
				A769E55B2BE8399D00DFAD00 /* Embed Watch Content */,
			);
			buildRules = (
			);
			dependencies = (
				A769E5562BE8399D00DFAD00 /* PBXTargetDependency */,
			);
			name = PearDB;
			productName = PearDB;
			productReference = A769E5302BE8389D00DFAD00 /* PearDB.app */;
			productType = "com.apple.product-type.application";
		};
		A769E5492BE8399C00DFAD00 /* PearDB Watch App */ = {
			isa = PBXNativeTarget;
			buildConfigurationList = A769E5582BE8399D00DFAD00 /* Build configuration list for PBXNativeTarget "PearDB Watch App" */;
			buildPhases = (
				A769E5462BE8399C00DFAD00 /* Sources */,
				A769E5472BE8399C00DFAD00 /* Frameworks */,
				A769E5482BE8399C00DFAD00 /* Resources */,
			);
			buildRules = (
			);
			dependencies = (
			);
			name = "PearDB Watch App";
			productName = "PearDB Watch App";
			productReference = A769E54A2BE8399C00DFAD00 /* PearDB.app */;
			productType = "com.apple.product-type.application";
		};
/* End PBXNativeTarget section */

/* Begin PBXProject section */
		A769E5282BE8389D00DFAD00 /* Project object */ = {
			isa = PBXProject;
			attributes = {
				BuildIndependentTargetsInParallel = 1;
				LastSwiftUpdateCheck = 1530;
				LastUpgradeCheck = 1530;
				TargetAttributes = {
					A769E52F2BE8389D00DFAD00 = {
						CreatedOnToolsVersion = 15.3;
					};
					A769E5492BE8399C00DFAD00 = {
						CreatedOnToolsVersion = 15.3;
					};
				};
			};
			buildConfigurationList = A769E52B2BE8389D00DFAD00 /* Build configuration list for PBXProject "PearDB" */;
			compatibilityVersion = "Xcode 14.0";
			developmentRegion = en;
			hasScannedForEncodings = 0;
			knownRegions = (
				en,
				Base,
			);
			mainGroup = A769E5272BE8389D00DFAD00;
			productRefGroup = A769E5312BE8389D00DFAD00 /* Products */;
			projectDirPath = "";
			projectRoot = "";
			targets = (
				A769E52F2BE8389D00DFAD00 /* PearDB */,
				A769E5492BE8399C00DFAD00 /* PearDB Watch App */,
			);
		};
/* End PBXProject section */

/* Begin PBXResourcesBuildPhase section */
		A769E52E2BE8389D00DFAD00 /* Resources */ = {
			isa = PBXResourcesBuildPhase;
			buildActionMask = 2147483647;
			files = (
				A769E53B2BE8389E00DFAD00 /* Preview Assets.xcassets in Resources */,
				A769E5382BE8389E00DFAD00 /* Assets.xcassets in Resources */,
			);
			runOnlyForDeploymentPostprocessing = 0;
		};
		A769E5482BE8399C00DFAD00 /* Resources */ = {
			isa = PBXResourcesBuildPhase;
			buildActionMask = 2147483647;
			files = (
				A769E5542BE8399D00DFAD00 /* Preview Assets.xcassets in Resources */,
				A769E5512BE8399D00DFAD00 /* Assets.xcassets in Resources */,
			);
			runOnlyForDeploymentPostprocessing = 0;
		};
/* End PBXResourcesBuildPhase section */

/* Begin PBXSourcesBuildPhase section */
		A769E52C2BE8389D00DFAD00 /* Sources */ = {
			isa = PBXSourcesBuildPhase;
			buildActionMask = 2147483647;
			files = (
				A7012F222BF187C90021415B /* NavigationLinkInator.swift in Sources */,
				A7012F062BF0A8C20021415B /* SettingsView.swift in Sources */,
				A7012F142BF173A80021415B /* Languages.swift in Sources */,
				A7012F262BF187E40021415B /* TextExtensionInator.swift in Sources */,
				A7012F182BF173C60021415B /* GithubRepository.swift in Sources */,
				A769E53D2BE8389E00DFAD00 /* Persistence.swift in Sources */,
				A7012F242BF187D60021415B /* ColorExtensionInator.swift in Sources */,
				A7012F1A2BF173D70021415B /* SupportViaKoFi.swift in Sources */,
				A7012F122BF1739E0021415B /* Display.swift in Sources */,
				A769E5402BE8389E00DFAD00 /* PearDB.xcdatamodeld in Sources */,
				A7012F1C2BF173E60021415B /* ClearNetworkCache.swift in Sources */,
				A7012F1E2BF174020021415B /* ResetSettings.swift in Sources */,
				A769E5362BE8389D00DFAD00 /* ContentView.swift in Sources */,
				A7012F162BF173BB0021415B /* Licences.swift in Sources */,
				A769E5342BE8389D00DFAD00 /* PearDBApp.swift in Sources */,
				A7012F082BF0AB8D0021415B /* AppleDBView.swift in Sources */,
			);
			runOnlyForDeploymentPostprocessing = 0;
		};
		A769E5462BE8399C00DFAD00 /* Sources */ = {
			isa = PBXSourcesBuildPhase;
			buildActionMask = 2147483647;
			files = (
				A769E54F2BE8399C00DFAD00 /* ContentView.swift in Sources */,
				A769E54D2BE8399C00DFAD00 /* PearDBWatchApp.swift in Sources */,
				A736A8F32BE83BE70086418E /* SoundView.swift in Sources */,
			);
			runOnlyForDeploymentPostprocessing = 0;
		};
/* End PBXSourcesBuildPhase section */

/* Begin PBXTargetDependency section */
		A769E5562BE8399D00DFAD00 /* PBXTargetDependency */ = {
			isa = PBXTargetDependency;
			target = A769E5492BE8399C00DFAD00 /* PearDB Watch App */;
			targetProxy = A769E5552BE8399D00DFAD00 /* PBXContainerItemProxy */;
		};
/* End PBXTargetDependency section */

/* Begin XCBuildConfiguration section */
		A769E5412BE8389E00DFAD00 /* Debug */ = {
			isa = XCBuildConfiguration;
			buildSettings = {
				ALWAYS_SEARCH_USER_PATHS = NO;
				ASSETCATALOG_COMPILER_GENERATE_SWIFT_ASSET_SYMBOL_EXTENSIONS = YES;
				CLANG_ANALYZER_NONNULL = YES;
				CLANG_ANALYZER_NUMBER_OBJECT_CONVERSION = YES_AGGRESSIVE;
				CLANG_CXX_LANGUAGE_STANDARD = "gnu++20";
				CLANG_ENABLE_MODULES = YES;
				CLANG_ENABLE_OBJC_ARC = YES;
				CLANG_ENABLE_OBJC_WEAK = YES;
				CLANG_WARN_BLOCK_CAPTURE_AUTORELEASING = YES;
				CLANG_WARN_BOOL_CONVERSION = YES;
				CLANG_WARN_COMMA = YES;
				CLANG_WARN_CONSTANT_CONVERSION = YES;
				CLANG_WARN_DEPRECATED_OBJC_IMPLEMENTATIONS = YES;
				CLANG_WARN_DIRECT_OBJC_ISA_USAGE = YES_ERROR;
				CLANG_WARN_DOCUMENTATION_COMMENTS = YES;
				CLANG_WARN_EMPTY_BODY = YES;
				CLANG_WARN_ENUM_CONVERSION = YES;
				CLANG_WARN_INFINITE_RECURSION = YES;
				CLANG_WARN_INT_CONVERSION = YES;
				CLANG_WARN_NON_LITERAL_NULL_CONVERSION = YES;
				CLANG_WARN_OBJC_IMPLICIT_RETAIN_SELF = YES;
				CLANG_WARN_OBJC_LITERAL_CONVERSION = YES;
				CLANG_WARN_OBJC_ROOT_CLASS = YES_ERROR;
				CLANG_WARN_QUOTED_INCLUDE_IN_FRAMEWORK_HEADER = YES;
				CLANG_WARN_RANGE_LOOP_ANALYSIS = YES;
				CLANG_WARN_STRICT_PROTOTYPES = YES;
				CLANG_WARN_SUSPICIOUS_MOVE = YES;
				CLANG_WARN_UNGUARDED_AVAILABILITY = YES_AGGRESSIVE;
				CLANG_WARN_UNREACHABLE_CODE = YES;
				CLANG_WARN__DUPLICATE_METHOD_MATCH = YES;
				COPY_PHASE_STRIP = NO;
				DEBUG_INFORMATION_FORMAT = dwarf;
				ENABLE_STRICT_OBJC_MSGSEND = YES;
				ENABLE_TESTABILITY = YES;
				ENABLE_USER_SCRIPT_SANDBOXING = YES;
				GCC_C_LANGUAGE_STANDARD = gnu17;
				GCC_DYNAMIC_NO_PIC = NO;
				GCC_NO_COMMON_BLOCKS = YES;
				GCC_OPTIMIZATION_LEVEL = 0;
				GCC_PREPROCESSOR_DEFINITIONS = (
					"DEBUG=1",
					"$(inherited)",
				);
				GCC_WARN_64_TO_32_BIT_CONVERSION = YES;
				GCC_WARN_ABOUT_RETURN_TYPE = YES_ERROR;
				GCC_WARN_UNDECLARED_SELECTOR = YES;
				GCC_WARN_UNINITIALIZED_AUTOS = YES_AGGRESSIVE;
				GCC_WARN_UNUSED_FUNCTION = YES;
				GCC_WARN_UNUSED_VARIABLE = YES;
				IPHONEOS_DEPLOYMENT_TARGET = 17.0;
				LOCALIZATION_PREFERS_STRING_CATALOGS = YES;
				MTL_ENABLE_DEBUG_INFO = INCLUDE_SOURCE;
				MTL_FAST_MATH = YES;
				ONLY_ACTIVE_ARCH = YES;
				SDKROOT = iphoneos;
				SWIFT_ACTIVE_COMPILATION_CONDITIONS = "DEBUG $(inherited)";
				SWIFT_OPTIMIZATION_LEVEL = "-Onone";
				WATCHOS_DEPLOYMENT_TARGET = 10.0;
			};
			name = Debug;
		};
		A769E5422BE8389E00DFAD00 /* Release */ = {
			isa = XCBuildConfiguration;
			buildSettings = {
				ALWAYS_SEARCH_USER_PATHS = NO;
				ASSETCATALOG_COMPILER_GENERATE_SWIFT_ASSET_SYMBOL_EXTENSIONS = YES;
				CLANG_ANALYZER_NONNULL = YES;
				CLANG_ANALYZER_NUMBER_OBJECT_CONVERSION = YES_AGGRESSIVE;
				CLANG_CXX_LANGUAGE_STANDARD = "gnu++20";
				CLANG_ENABLE_MODULES = YES;
				CLANG_ENABLE_OBJC_ARC = YES;
				CLANG_ENABLE_OBJC_WEAK = YES;
				CLANG_WARN_BLOCK_CAPTURE_AUTORELEASING = YES;
				CLANG_WARN_BOOL_CONVERSION = YES;
				CLANG_WARN_COMMA = YES;
				CLANG_WARN_CONSTANT_CONVERSION = YES;
				CLANG_WARN_DEPRECATED_OBJC_IMPLEMENTATIONS = YES;
				CLANG_WARN_DIRECT_OBJC_ISA_USAGE = YES_ERROR;
				CLANG_WARN_DOCUMENTATION_COMMENTS = YES;
				CLANG_WARN_EMPTY_BODY = YES;
				CLANG_WARN_ENUM_CONVERSION = YES;
				CLANG_WARN_INFINITE_RECURSION = YES;
				CLANG_WARN_INT_CONVERSION = YES;
				CLANG_WARN_NON_LITERAL_NULL_CONVERSION = YES;
				CLANG_WARN_OBJC_IMPLICIT_RETAIN_SELF = YES;
				CLANG_WARN_OBJC_LITERAL_CONVERSION = YES;
				CLANG_WARN_OBJC_ROOT_CLASS = YES_ERROR;
				CLANG_WARN_QUOTED_INCLUDE_IN_FRAMEWORK_HEADER = YES;
				CLANG_WARN_RANGE_LOOP_ANALYSIS = YES;
				CLANG_WARN_STRICT_PROTOTYPES = YES;
				CLANG_WARN_SUSPICIOUS_MOVE = YES;
				CLANG_WARN_UNGUARDED_AVAILABILITY = YES_AGGRESSIVE;
				CLANG_WARN_UNREACHABLE_CODE = YES;
				CLANG_WARN__DUPLICATE_METHOD_MATCH = YES;
				COPY_PHASE_STRIP = NO;
				DEBUG_INFORMATION_FORMAT = "dwarf-with-dsym";
				ENABLE_NS_ASSERTIONS = NO;
				ENABLE_STRICT_OBJC_MSGSEND = YES;
				ENABLE_USER_SCRIPT_SANDBOXING = YES;
				GCC_C_LANGUAGE_STANDARD = gnu17;
				GCC_NO_COMMON_BLOCKS = YES;
				GCC_WARN_64_TO_32_BIT_CONVERSION = YES;
				GCC_WARN_ABOUT_RETURN_TYPE = YES_ERROR;
				GCC_WARN_UNDECLARED_SELECTOR = YES;
				GCC_WARN_UNINITIALIZED_AUTOS = YES_AGGRESSIVE;
				GCC_WARN_UNUSED_FUNCTION = YES;
				GCC_WARN_UNUSED_VARIABLE = YES;
				IPHONEOS_DEPLOYMENT_TARGET = 17.0;
				LOCALIZATION_PREFERS_STRING_CATALOGS = YES;
				MTL_ENABLE_DEBUG_INFO = NO;
				MTL_FAST_MATH = YES;
				SDKROOT = iphoneos;
				SWIFT_COMPILATION_MODE = wholemodule;
				VALIDATE_PRODUCT = YES;
				WATCHOS_DEPLOYMENT_TARGET = 10.0;
			};
			name = Release;
		};
		A769E5442BE8389E00DFAD00 /* Debug */ = {
			isa = XCBuildConfiguration;
			buildSettings = {
				ALWAYS_EMBED_SWIFT_STANDARD_LIBRARIES = YES;
				ASSETCATALOG_COMPILER_APPICON_NAME = AppIcon;
				ASSETCATALOG_COMPILER_GLOBAL_ACCENT_COLOR_NAME = AccentColor;
				CODE_SIGN_STYLE = Automatic;
				CURRENT_PROJECT_VERSION = 1;
				DEVELOPMENT_ASSET_PATHS = "\"PearDB/Preview Content\"";
				DEVELOPMENT_TEAM = XVQR493263;
				ENABLE_PREVIEWS = YES;
				GENERATE_INFOPLIST_FILE = YES;
				INFOPLIST_KEY_CFBundleDisplayName = PearDB;
				INFOPLIST_KEY_LSApplicationCategoryType = "public.app-category.utilities";
				INFOPLIST_KEY_UIApplicationSceneManifest_Generation = YES;
				INFOPLIST_KEY_UIApplicationSupportsIndirectInputEvents = YES;
				INFOPLIST_KEY_UILaunchScreen_Generation = YES;
				INFOPLIST_KEY_UISupportedInterfaceOrientations_iPad = "UIInterfaceOrientationPortrait UIInterfaceOrientationPortraitUpsideDown UIInterfaceOrientationLandscapeLeft UIInterfaceOrientationLandscapeRight";
				INFOPLIST_KEY_UISupportedInterfaceOrientations_iPhone = "UIInterfaceOrientationPortrait UIInterfaceOrientationLandscapeLeft UIInterfaceOrientationLandscapeRight";
				IPHONEOS_DEPLOYMENT_TARGET = 17.0;
				LD_RUNPATH_SEARCH_PATHS = (
					"$(inherited)",
					"@executable_path/Frameworks",
				);
				MARKETING_VERSION = 1.0;
				PRODUCT_BUNDLE_IDENTIFIER = com.hydrate.PearDB;
				PRODUCT_NAME = "$(TARGET_NAME)";
				SWIFT_EMIT_LOC_STRINGS = YES;
				SWIFT_VERSION = 5.0;
				TARGETED_DEVICE_FAMILY = "1,2";
			};
			name = Debug;
		};
		A769E5452BE8389E00DFAD00 /* Release */ = {
			isa = XCBuildConfiguration;
			buildSettings = {
				ALWAYS_EMBED_SWIFT_STANDARD_LIBRARIES = YES;
				ASSETCATALOG_COMPILER_APPICON_NAME = AppIcon;
				ASSETCATALOG_COMPILER_GLOBAL_ACCENT_COLOR_NAME = AccentColor;
				CODE_SIGN_STYLE = Automatic;
				CURRENT_PROJECT_VERSION = 1;
				DEVELOPMENT_ASSET_PATHS = "\"PearDB/Preview Content\"";
				DEVELOPMENT_TEAM = XVQR493263;
				ENABLE_PREVIEWS = YES;
				GENERATE_INFOPLIST_FILE = YES;
				INFOPLIST_KEY_CFBundleDisplayName = PearDB;
				INFOPLIST_KEY_LSApplicationCategoryType = "public.app-category.utilities";
				INFOPLIST_KEY_UIApplicationSceneManifest_Generation = YES;
				INFOPLIST_KEY_UIApplicationSupportsIndirectInputEvents = YES;
				INFOPLIST_KEY_UILaunchScreen_Generation = YES;
				INFOPLIST_KEY_UISupportedInterfaceOrientations_iPad = "UIInterfaceOrientationPortrait UIInterfaceOrientationPortraitUpsideDown UIInterfaceOrientationLandscapeLeft UIInterfaceOrientationLandscapeRight";
				INFOPLIST_KEY_UISupportedInterfaceOrientations_iPhone = "UIInterfaceOrientationPortrait UIInterfaceOrientationLandscapeLeft UIInterfaceOrientationLandscapeRight";
				IPHONEOS_DEPLOYMENT_TARGET = 17.0;
				LD_RUNPATH_SEARCH_PATHS = (
					"$(inherited)",
					"@executable_path/Frameworks",
				);
				MARKETING_VERSION = 1.0;
				PRODUCT_BUNDLE_IDENTIFIER = com.hydrate.PearDB;
				PRODUCT_NAME = "$(TARGET_NAME)";
				SWIFT_EMIT_LOC_STRINGS = YES;
				SWIFT_VERSION = 5.0;
				TARGETED_DEVICE_FAMILY = "1,2";
			};
			name = Release;
		};
		A769E5592BE8399D00DFAD00 /* Debug */ = {
			isa = XCBuildConfiguration;
			buildSettings = {
				ASSETCATALOG_COMPILER_APPICON_NAME = AppIcon;
				ASSETCATALOG_COMPILER_GLOBAL_ACCENT_COLOR_NAME = AccentColor;
				CODE_SIGN_STYLE = Automatic;
				CURRENT_PROJECT_VERSION = 1;
				DEVELOPMENT_ASSET_PATHS = "\"PearDB Watch App/Preview Content\"";
				DEVELOPMENT_TEAM = XVQR493263;
				ENABLE_PREVIEWS = YES;
				GENERATE_INFOPLIST_FILE = YES;
				INFOPLIST_KEY_UISupportedInterfaceOrientations = "UIInterfaceOrientationPortrait UIInterfaceOrientationPortraitUpsideDown";
				INFOPLIST_KEY_WKCompanionAppBundleIdentifier = com.hydrate.PearDB;
				INFOPLIST_KEY_WKRunsIndependentlyOfCompanionApp = YES;
				LD_RUNPATH_SEARCH_PATHS = (
					"$(inherited)",
					"@executable_path/Frameworks",
				);
				MARKETING_VERSION = 1.0;
				PRODUCT_BUNDLE_IDENTIFIER = com.hydrate.PearDB.watchkitapp;
				PRODUCT_NAME = PearDB;
				SDKROOT = watchos;
				SKIP_INSTALL = YES;
				SWIFT_EMIT_LOC_STRINGS = YES;
				SWIFT_VERSION = 5.0;
				TARGETED_DEVICE_FAMILY = 4;
				WATCHOS_DEPLOYMENT_TARGET = 10.0;
			};
			name = Debug;
		};
		A769E55A2BE8399D00DFAD00 /* Release */ = {
			isa = XCBuildConfiguration;
			buildSettings = {
				ASSETCATALOG_COMPILER_APPICON_NAME = AppIcon;
				ASSETCATALOG_COMPILER_GLOBAL_ACCENT_COLOR_NAME = AccentColor;
				CODE_SIGN_STYLE = Automatic;
				CURRENT_PROJECT_VERSION = 1;
				DEVELOPMENT_ASSET_PATHS = "\"PearDB Watch App/Preview Content\"";
				DEVELOPMENT_TEAM = XVQR493263;
				ENABLE_PREVIEWS = YES;
				GENERATE_INFOPLIST_FILE = YES;
				INFOPLIST_KEY_UISupportedInterfaceOrientations = "UIInterfaceOrientationPortrait UIInterfaceOrientationPortraitUpsideDown";
				INFOPLIST_KEY_WKCompanionAppBundleIdentifier = com.hydrate.PearDB;
				INFOPLIST_KEY_WKRunsIndependentlyOfCompanionApp = YES;
				LD_RUNPATH_SEARCH_PATHS = (
					"$(inherited)",
					"@executable_path/Frameworks",
				);
				MARKETING_VERSION = 1.0;
				PRODUCT_BUNDLE_IDENTIFIER = com.hydrate.PearDB.watchkitapp;
				PRODUCT_NAME = PearDB;
				SDKROOT = watchos;
				SKIP_INSTALL = YES;
				SWIFT_EMIT_LOC_STRINGS = YES;
				SWIFT_VERSION = 5.0;
				TARGETED_DEVICE_FAMILY = 4;
				WATCHOS_DEPLOYMENT_TARGET = 10.0;
			};
			name = Release;
		};
/* End XCBuildConfiguration section */

/* Begin XCConfigurationList section */
		A769E52B2BE8389D00DFAD00 /* Build configuration list for PBXProject "PearDB" */ = {
			isa = XCConfigurationList;
			buildConfigurations = (
				A769E5412BE8389E00DFAD00 /* Debug */,
				A769E5422BE8389E00DFAD00 /* Release */,
			);
			defaultConfigurationIsVisible = 0;
			defaultConfigurationName = Release;
		};
		A769E5432BE8389E00DFAD00 /* Build configuration list for PBXNativeTarget "PearDB" */ = {
			isa = XCConfigurationList;
			buildConfigurations = (
				A769E5442BE8389E00DFAD00 /* Debug */,
				A769E5452BE8389E00DFAD00 /* Release */,
			);
			defaultConfigurationIsVisible = 0;
			defaultConfigurationName = Release;
		};
		A769E5582BE8399D00DFAD00 /* Build configuration list for PBXNativeTarget "PearDB Watch App" */ = {
			isa = XCConfigurationList;
			buildConfigurations = (
				A769E5592BE8399D00DFAD00 /* Debug */,
				A769E55A2BE8399D00DFAD00 /* Release */,
			);
			defaultConfigurationIsVisible = 0;
			defaultConfigurationName = Release;
		};
/* End XCConfigurationList section */

/* Begin XCVersionGroup section */
		A769E53E2BE8389E00DFAD00 /* PearDB.xcdatamodeld */ = {
			isa = XCVersionGroup;
			children = (
				A769E53F2BE8389E00DFAD00 /* PearDB.xcdatamodel */,
			);
			currentVersion = A769E53F2BE8389E00DFAD00 /* PearDB.xcdatamodel */;
			path = PearDB.xcdatamodeld;
			sourceTree = "<group>";
			versionGroupType = wrapper.xcdatamodel;
		};
/* End XCVersionGroup section */
	};
	rootObject = A769E5282BE8389D00DFAD00 /* Project object */;
}
