// !$*UTF8*$!
{
	archiveVersion = 1;
	classes = {
	};
	objectVersion = 70;
	objects = {

/* Begin PBXBuildFile section */
		A7012F062BF0A8C20021415B /* SettingsView.swift in Sources */ = {isa = PBXBuildFile; fileRef = A7012F052BF0A8C20021415B /* SettingsView.swift */; };
		A7012F082BF0AB8D0021415B /* AppleDBView.swift in Sources */ = {isa = PBXBuildFile; fileRef = A7012F072BF0AB8D0021415B /* AppleDBView.swift */; };
		A7012F122BF1739E0021415B /* Display.swift in Sources */ = {isa = PBXBuildFile; fileRef = A7012F112BF1739E0021415B /* Display.swift */; };
		A7012F142BF173A80021415B /* Languages.swift in Sources */ = {isa = PBXBuildFile; fileRef = A7012F132BF173A80021415B /* Languages.swift */; };
		A7012F162BF173BB0021415B /* Licences.swift in Sources */ = {isa = PBXBuildFile; fileRef = A7012F152BF173BB0021415B /* Licences.swift */; };
		A7012F182BF173C60021415B /* GithubRepository.swift in Sources */ = {isa = PBXBuildFile; fileRef = A7012F172BF173C60021415B /* GithubRepository.swift */; };
		A7012F1A2BF173D70021415B /* SupportPearDB.swift in Sources */ = {isa = PBXBuildFile; fileRef = A7012F192BF173D70021415B /* SupportPearDB.swift */; };
		A7012F1C2BF173E60021415B /* ClearNetworkCache.swift in Sources */ = {isa = PBXBuildFile; fileRef = A7012F1B2BF173E60021415B /* ClearNetworkCache.swift */; };
		A7012F1E2BF174020021415B /* ResetSettings.swift in Sources */ = {isa = PBXBuildFile; fileRef = A7012F1D2BF174020021415B /* ResetSettings.swift */; };
		A7012F222BF187C90021415B /* GetImageFromInator.swift in Sources */ = {isa = PBXBuildFile; fileRef = A7012F212BF187C90021415B /* GetImageFromInator.swift */; };
		A7012F242BF187D60021415B /* ColorExtensionInator.swift in Sources */ = {isa = PBXBuildFile; fileRef = A7012F232BF187D60021415B /* ColorExtensionInator.swift */; };
		A7012F262BF187E40021415B /* TextExtensionInator.swift in Sources */ = {isa = PBXBuildFile; fileRef = A7012F252BF187E40021415B /* TextExtensionInator.swift */; };
		A7012F282BF2E0730021415B /* UINaviContInator.swift in Sources */ = {isa = PBXBuildFile; fileRef = A7012F272BF2E0730021415B /* UINaviContInator.swift */; };
		A7012F5A2BF4115F0021415B /* WidgetKit.framework in Frameworks */ = {isa = PBXBuildFile; fileRef = A7012F2F2BF40AEC0021415B /* WidgetKit.framework */; };
		A7012F5B2BF4115F0021415B /* SwiftUI.framework in Frameworks */ = {isa = PBXBuildFile; fileRef = A7012F312BF40AEC0021415B /* SwiftUI.framework */; };
		A7012F5E2BF4115F0021415B /* PearDBWatchWidget.swift in Sources */ = {isa = PBXBuildFile; fileRef = A7012F5D2BF4115F0021415B /* PearDBWatchWidget.swift */; };
		A7012F622BF411610021415B /* Assets.xcassets in Resources */ = {isa = PBXBuildFile; fileRef = A7012F612BF411610021415B /* Assets.xcassets */; };
		A7012F662BF411610021415B /* PearDBWatchWidgetExtension.appex in Embed Foundation Extensions */ = {isa = PBXBuildFile; fileRef = A7012F592BF4115F0021415B /* PearDBWatchWidgetExtension.appex */; settings = {ATTRIBUTES = (RemoveHeadersOnCopy, ); }; };
		A7012F6B2BF41B1A0021415B /* LeftSupa.swift in Sources */ = {isa = PBXBuildFile; fileRef = A7012F6A2BF41B1A0021415B /* LeftSupa.swift */; };
		A7012F6E2BF41B970021415B /* RightSupa.swift in Sources */ = {isa = PBXBuildFile; fileRef = A7012F6D2BF41B970021415B /* RightSupa.swift */; };
		A7012F742BF4343C0021415B /* SupaYears.swift in Sources */ = {isa = PBXBuildFile; fileRef = A7012F732BF4343C0021415B /* SupaYears.swift */; };
		A721C6892BF5F4810070A140 /* HomeView.swift in Sources */ = {isa = PBXBuildFile; fileRef = A721C6882BF5F4800070A140 /* HomeView.swift */; };
		A7242FCE2C19BFAB00100ABE /* WidgetKit.framework in Frameworks */ = {isa = PBXBuildFile; fileRef = A7012F2F2BF40AEC0021415B /* WidgetKit.framework */; };
		A7242FCF2C19BFAB00100ABE /* SwiftUI.framework in Frameworks */ = {isa = PBXBuildFile; fileRef = A7012F312BF40AEC0021415B /* SwiftUI.framework */; };
		A7242FD22C19BFAB00100ABE /* PearDBPhoneWidgetBundle.swift in Sources */ = {isa = PBXBuildFile; fileRef = A7242FD12C19BFAB00100ABE /* PearDBPhoneWidgetBundle.swift */; };
		A7242FD62C19BFAC00100ABE /* Assets.xcassets in Resources */ = {isa = PBXBuildFile; fileRef = A7242FD52C19BFAC00100ABE /* Assets.xcassets */; };
		A7242FDA2C19BFAC00100ABE /* PearDBPhoneWidgetExtension.appex in Embed Foundation Extensions */ = {isa = PBXBuildFile; fileRef = A7242FCD2C19BFAB00100ABE /* PearDBPhoneWidgetExtension.appex */; settings = {ATTRIBUTES = (RemoveHeadersOnCopy, ); }; };
		A736A8F32BE83BE70086418E /* SoundView.swift in Sources */ = {isa = PBXBuildFile; fileRef = A736A8F22BE83BE70086418E /* SoundView.swift */; };
		A7544CA52C0014DF00435D83 /* StoreKitTestCertificate.cer in Resources */ = {isa = PBXBuildFile; fileRef = A7544CA42C0014DF00435D83 /* StoreKitTestCertificate.cer */; };
		A7544CAA2C00213E00435D83 /* PearDBStoreKit.storekit in Resources */ = {isa = PBXBuildFile; fileRef = A7544CA92C00213E00435D83 /* PearDBStoreKit.storekit */; };
		A7544CB22C01B53900435D83 /* PearDB_TVApp.swift in Sources */ = {isa = PBXBuildFile; fileRef = A7544CB12C01B53900435D83 /* PearDB_TVApp.swift */; };
		A7544CB42C01B53900435D83 /* ContentView.swift in Sources */ = {isa = PBXBuildFile; fileRef = A7544CB32C01B53900435D83 /* ContentView.swift */; };
		A7544CB62C01B53A00435D83 /* Assets.xcassets in Resources */ = {isa = PBXBuildFile; fileRef = A7544CB52C01B53A00435D83 /* Assets.xcassets */; };
		A7544CB92C01B53A00435D83 /* Preview Assets.xcassets in Resources */ = {isa = PBXBuildFile; fileRef = A7544CB82C01B53A00435D83 /* Preview Assets.xcassets */; };
		A769E5342BE8389D00DFAD00 /* PearDBApp.swift in Sources */ = {isa = PBXBuildFile; fileRef = A769E5332BE8389D00DFAD00 /* PearDBApp.swift */; };
		A769E5362BE8389D00DFAD00 /* ContentView.swift in Sources */ = {isa = PBXBuildFile; fileRef = A769E5352BE8389D00DFAD00 /* ContentView.swift */; };
		A769E5382BE8389E00DFAD00 /* Assets.xcassets in Resources */ = {isa = PBXBuildFile; fileRef = A769E5372BE8389E00DFAD00 /* Assets.xcassets */; };
		A769E53B2BE8389E00DFAD00 /* Preview Assets.xcassets in Resources */ = {isa = PBXBuildFile; fileRef = A769E53A2BE8389E00DFAD00 /* Preview Assets.xcassets */; };
		A769E53D2BE8389E00DFAD00 /* Persistence.swift in Sources */ = {isa = PBXBuildFile; fileRef = A769E53C2BE8389E00DFAD00 /* Persistence.swift */; };
		A769E5402BE8389E00DFAD00 /* PearDB.xcdatamodeld in Sources */ = {isa = PBXBuildFile; fileRef = A769E53E2BE8389E00DFAD00 /* PearDB.xcdatamodeld */; };
		A769E54D2BE8399C00DFAD00 /* PearDBWatchApp.swift in Sources */ = {isa = PBXBuildFile; fileRef = A769E54C2BE8399C00DFAD00 /* PearDBWatchApp.swift */; };
		A769E54F2BE8399C00DFAD00 /* ContentView.swift in Sources */ = {isa = PBXBuildFile; fileRef = A769E54E2BE8399C00DFAD00 /* ContentView.swift */; };
		A769E5512BE8399D00DFAD00 /* Assets.xcassets in Resources */ = {isa = PBXBuildFile; fileRef = A769E5502BE8399D00DFAD00 /* Assets.xcassets */; };
		A769E5542BE8399D00DFAD00 /* Preview Assets.xcassets in Resources */ = {isa = PBXBuildFile; fileRef = A769E5532BE8399D00DFAD00 /* Preview Assets.xcassets */; };
		A769E5572BE8399D00DFAD00 /* Hugo Mason.app in Embed Watch Content */ = {isa = PBXBuildFile; fileRef = A769E54A2BE8399C00DFAD00 /* Hugo Mason.app */; settings = {ATTRIBUTES = (RemoveHeadersOnCopy, ); }; };
		A76D792E2C15BF9400936904 /* SwiftTipJar in Frameworks */ = {isa = PBXBuildFile; productRef = A76D792D2C15BF9400936904 /* SwiftTipJar */; };
		A77884292C0BE93C008CC46A /* Detail.swift in Sources */ = {isa = PBXBuildFile; fileRef = A77884282C0BE93C008CC46A /* Detail.swift */; };
		A778842B2C0EA611008CC46A /* HelloView.swift in Sources */ = {isa = PBXBuildFile; fileRef = A778842A2C0EA611008CC46A /* HelloView.swift */; };
		A778842D2C0EA636008CC46A /* TestView.swift in Sources */ = {isa = PBXBuildFile; fileRef = A778842C2C0EA636008CC46A /* TestView.swift */; };
		A778842F2C0EA63F008CC46A /* SettingsView.swift in Sources */ = {isa = PBXBuildFile; fileRef = A778842E2C0EA63F008CC46A /* SettingsView.swift */; };
		A788DD4C2BF5916E00F8F734 /* SupaInline.swift in Sources */ = {isa = PBXBuildFile; fileRef = A788DD4B2BF5916E00F8F734 /* SupaInline.swift */; };
		A788DD4E2BF5968C00F8F734 /* SupaCornerRight.swift in Sources */ = {isa = PBXBuildFile; fileRef = A788DD4D2BF5968C00F8F734 /* SupaCornerRight.swift */; };
		A788DD502BF5A45F00F8F734 /* SupaCornerLeft.swift in Sources */ = {isa = PBXBuildFile; fileRef = A788DD4F2BF5A45F00F8F734 /* SupaCornerLeft.swift */; };
/* End PBXBuildFile section */

/* Begin PBXContainerItemProxy section */
		A7012F642BF411610021415B /* PBXContainerItemProxy */ = {
			isa = PBXContainerItemProxy;
			containerPortal = A769E5282BE8389D00DFAD00 /* Project object */;
			proxyType = 1;
			remoteGlobalIDString = A7012F582BF4115F0021415B;
			remoteInfo = PearDBWidgetExtension;
		};
		A7242FD82C19BFAC00100ABE /* PBXContainerItemProxy */ = {
			isa = PBXContainerItemProxy;
			containerPortal = A769E5282BE8389D00DFAD00 /* Project object */;
			proxyType = 1;
			remoteGlobalIDString = A7242FCC2C19BFAB00100ABE;
			remoteInfo = PearDBPhoneWidgetExtension;
		};
		A769E5552BE8399D00DFAD00 /* PBXContainerItemProxy */ = {
			isa = PBXContainerItemProxy;
			containerPortal = A769E5282BE8389D00DFAD00 /* Project object */;
			proxyType = 1;
			remoteGlobalIDString = A769E5492BE8399C00DFAD00;
			remoteInfo = "PearDB Watch App";
		};
/* End PBXContainerItemProxy section */

/* Begin PBXCopyFilesBuildPhase section */
		A7012F412BF40AEE0021415B /* Embed Foundation Extensions */ = {
			isa = PBXCopyFilesBuildPhase;
			buildActionMask = 2147483647;
			dstPath = "";
			dstSubfolderSpec = 13;
			files = (
				A7012F662BF411610021415B /* PearDBWatchWidgetExtension.appex in Embed Foundation Extensions */,
			);
			name = "Embed Foundation Extensions";
			runOnlyForDeploymentPostprocessing = 0;
		};
		A7242FDE2C19BFAC00100ABE /* Embed Foundation Extensions */ = {
			isa = PBXCopyFilesBuildPhase;
			buildActionMask = 2147483647;
			dstPath = "";
			dstSubfolderSpec = 13;
			files = (
				A7242FDA2C19BFAC00100ABE /* PearDBPhoneWidgetExtension.appex in Embed Foundation Extensions */,
			);
			name = "Embed Foundation Extensions";
			runOnlyForDeploymentPostprocessing = 0;
		};
		A769E55B2BE8399D00DFAD00 /* Embed Watch Content */ = {
			isa = PBXCopyFilesBuildPhase;
			buildActionMask = 2147483647;
			dstPath = "$(CONTENTS_FOLDER_PATH)/Watch";
			dstSubfolderSpec = 16;
			files = (
				A769E5572BE8399D00DFAD00 /* Hugo Mason.app in Embed Watch Content */,
			);
			name = "Embed Watch Content";
			runOnlyForDeploymentPostprocessing = 0;
		};
/* End PBXCopyFilesBuildPhase section */

/* Begin PBXFileReference section */
		A7012F052BF0A8C20021415B /* SettingsView.swift */ = {isa = PBXFileReference; lastKnownFileType = sourcecode.swift; path = SettingsView.swift; sourceTree = "<group>"; };
		A7012F072BF0AB8D0021415B /* AppleDBView.swift */ = {isa = PBXFileReference; lastKnownFileType = sourcecode.swift; path = AppleDBView.swift; sourceTree = "<group>"; };
		A7012F112BF1739E0021415B /* Display.swift */ = {isa = PBXFileReference; lastKnownFileType = sourcecode.swift; path = Display.swift; sourceTree = "<group>"; };
		A7012F132BF173A80021415B /* Languages.swift */ = {isa = PBXFileReference; lastKnownFileType = sourcecode.swift; path = Languages.swift; sourceTree = "<group>"; };
		A7012F152BF173BB0021415B /* Licences.swift */ = {isa = PBXFileReference; lastKnownFileType = sourcecode.swift; path = Licences.swift; sourceTree = "<group>"; };
		A7012F172BF173C60021415B /* GithubRepository.swift */ = {isa = PBXFileReference; lastKnownFileType = sourcecode.swift; path = GithubRepository.swift; sourceTree = "<group>"; };
		A7012F192BF173D70021415B /* SupportPearDB.swift */ = {isa = PBXFileReference; lastKnownFileType = sourcecode.swift; path = SupportPearDB.swift; sourceTree = "<group>"; };
		A7012F1B2BF173E60021415B /* ClearNetworkCache.swift */ = {isa = PBXFileReference; lastKnownFileType = sourcecode.swift; path = ClearNetworkCache.swift; sourceTree = "<group>"; };
		A7012F1D2BF174020021415B /* ResetSettings.swift */ = {isa = PBXFileReference; lastKnownFileType = sourcecode.swift; path = ResetSettings.swift; sourceTree = "<group>"; };
		A7012F212BF187C90021415B /* GetImageFromInator.swift */ = {isa = PBXFileReference; lastKnownFileType = sourcecode.swift; path = GetImageFromInator.swift; sourceTree = "<group>"; };
		A7012F232BF187D60021415B /* ColorExtensionInator.swift */ = {isa = PBXFileReference; lastKnownFileType = sourcecode.swift; path = ColorExtensionInator.swift; sourceTree = "<group>"; };
		A7012F252BF187E40021415B /* TextExtensionInator.swift */ = {isa = PBXFileReference; lastKnownFileType = sourcecode.swift; path = TextExtensionInator.swift; sourceTree = "<group>"; };
		A7012F272BF2E0730021415B /* UINaviContInator.swift */ = {isa = PBXFileReference; lastKnownFileType = sourcecode.swift; path = UINaviContInator.swift; sourceTree = "<group>"; };
		A7012F2F2BF40AEC0021415B /* WidgetKit.framework */ = {isa = PBXFileReference; lastKnownFileType = wrapper.framework; name = WidgetKit.framework; path = System/Library/Frameworks/WidgetKit.framework; sourceTree = SDKROOT; };
		A7012F312BF40AEC0021415B /* SwiftUI.framework */ = {isa = PBXFileReference; lastKnownFileType = wrapper.framework; name = SwiftUI.framework; path = System/Library/Frameworks/SwiftUI.framework; sourceTree = SDKROOT; };
		A7012F592BF4115F0021415B /* PearDBWatchWidgetExtension.appex */ = {isa = PBXFileReference; explicitFileType = "wrapper.app-extension"; includeInIndex = 0; path = PearDBWatchWidgetExtension.appex; sourceTree = BUILT_PRODUCTS_DIR; };
		A7012F5D2BF4115F0021415B /* PearDBWatchWidget.swift */ = {isa = PBXFileReference; lastKnownFileType = sourcecode.swift; path = PearDBWatchWidget.swift; sourceTree = "<group>"; };
		A7012F612BF411610021415B /* Assets.xcassets */ = {isa = PBXFileReference; lastKnownFileType = folder.assetcatalog; path = Assets.xcassets; sourceTree = "<group>"; };
		A7012F632BF411610021415B /* Info.plist */ = {isa = PBXFileReference; lastKnownFileType = text.plist.xml; path = Info.plist; sourceTree = "<group>"; };
		A7012F6A2BF41B1A0021415B /* LeftSupa.swift */ = {isa = PBXFileReference; lastKnownFileType = sourcecode.swift; path = LeftSupa.swift; sourceTree = "<group>"; };
		A7012F6D2BF41B970021415B /* RightSupa.swift */ = {isa = PBXFileReference; lastKnownFileType = sourcecode.swift; path = RightSupa.swift; sourceTree = "<group>"; };
		A7012F732BF4343C0021415B /* SupaYears.swift */ = {isa = PBXFileReference; lastKnownFileType = sourcecode.swift; path = SupaYears.swift; sourceTree = "<group>"; };
		A721C6882BF5F4800070A140 /* HomeView.swift */ = {isa = PBXFileReference; lastKnownFileType = sourcecode.swift; path = HomeView.swift; sourceTree = "<group>"; };
		A7242FC72C19BDBA00100ABE /* Info.plist */ = {isa = PBXFileReference; lastKnownFileType = text.plist; path = Info.plist; sourceTree = "<group>"; };
		A7242FC82C19BDD300100ABE /* PearDB-Watch-App-Info.plist */ = {isa = PBXFileReference; lastKnownFileType = text.plist; path = "PearDB-Watch-App-Info.plist"; sourceTree = SOURCE_ROOT; };
		A7242FCD2C19BFAB00100ABE /* PearDBPhoneWidgetExtension.appex */ = {isa = PBXFileReference; explicitFileType = "wrapper.app-extension"; includeInIndex = 0; path = PearDBPhoneWidgetExtension.appex; sourceTree = BUILT_PRODUCTS_DIR; };
		A7242FD12C19BFAB00100ABE /* PearDBPhoneWidgetBundle.swift */ = {isa = PBXFileReference; lastKnownFileType = sourcecode.swift; path = PearDBPhoneWidgetBundle.swift; sourceTree = "<group>"; };
		A7242FD52C19BFAC00100ABE /* Assets.xcassets */ = {isa = PBXFileReference; lastKnownFileType = folder.assetcatalog; path = Assets.xcassets; sourceTree = "<group>"; };
		A7242FD72C19BFAC00100ABE /* Info.plist */ = {isa = PBXFileReference; lastKnownFileType = text.plist.xml; path = Info.plist; sourceTree = "<group>"; };
		A736A8F22BE83BE70086418E /* SoundView.swift */ = {isa = PBXFileReference; fileEncoding = 4; lastKnownFileType = sourcecode.swift; path = SoundView.swift; sourceTree = "<group>"; };
		A7544CA42C0014DF00435D83 /* StoreKitTestCertificate.cer */ = {isa = PBXFileReference; lastKnownFileType = file; path = StoreKitTestCertificate.cer; sourceTree = "<group>"; };
		A7544CA92C00213E00435D83 /* PearDBStoreKit.storekit */ = {isa = PBXFileReference; lastKnownFileType = text; path = PearDBStoreKit.storekit; sourceTree = "<group>"; };
		A7544CAF2C01B53900435D83 /* PearDB TV.app */ = {isa = PBXFileReference; explicitFileType = wrapper.application; includeInIndex = 0; path = "PearDB TV.app"; sourceTree = BUILT_PRODUCTS_DIR; };
		A7544CB12C01B53900435D83 /* PearDB_TVApp.swift */ = {isa = PBXFileReference; lastKnownFileType = sourcecode.swift; path = PearDB_TVApp.swift; sourceTree = "<group>"; };
		A7544CB32C01B53900435D83 /* ContentView.swift */ = {isa = PBXFileReference; lastKnownFileType = sourcecode.swift; path = ContentView.swift; sourceTree = "<group>"; };
		A7544CB52C01B53A00435D83 /* Assets.xcassets */ = {isa = PBXFileReference; lastKnownFileType = folder.assetcatalog; path = Assets.xcassets; sourceTree = "<group>"; };
		A7544CB82C01B53A00435D83 /* Preview Assets.xcassets */ = {isa = PBXFileReference; lastKnownFileType = folder.assetcatalog; path = "Preview Assets.xcassets"; sourceTree = "<group>"; };
		A769E5302BE8389D00DFAD00 /* PearDB.app */ = {isa = PBXFileReference; explicitFileType = wrapper.application; includeInIndex = 0; path = PearDB.app; sourceTree = BUILT_PRODUCTS_DIR; };
		A769E5332BE8389D00DFAD00 /* PearDBApp.swift */ = {isa = PBXFileReference; lastKnownFileType = sourcecode.swift; path = PearDBApp.swift; sourceTree = "<group>"; };
		A769E5352BE8389D00DFAD00 /* ContentView.swift */ = {isa = PBXFileReference; lastKnownFileType = sourcecode.swift; path = ContentView.swift; sourceTree = "<group>"; };
		A769E5372BE8389E00DFAD00 /* Assets.xcassets */ = {isa = PBXFileReference; lastKnownFileType = folder.assetcatalog; path = Assets.xcassets; sourceTree = "<group>"; };
		A769E53A2BE8389E00DFAD00 /* Preview Assets.xcassets */ = {isa = PBXFileReference; lastKnownFileType = folder.assetcatalog; path = "Preview Assets.xcassets"; sourceTree = "<group>"; };
		A769E53C2BE8389E00DFAD00 /* Persistence.swift */ = {isa = PBXFileReference; lastKnownFileType = sourcecode.swift; path = Persistence.swift; sourceTree = "<group>"; };
		A769E53F2BE8389E00DFAD00 /* PearDB.xcdatamodel */ = {isa = PBXFileReference; lastKnownFileType = wrapper.xcdatamodel; path = PearDB.xcdatamodel; sourceTree = "<group>"; };
		A769E54A2BE8399C00DFAD00 /* Hugo Mason.app */ = {isa = PBXFileReference; explicitFileType = wrapper.application; includeInIndex = 0; path = "Hugo Mason.app"; sourceTree = BUILT_PRODUCTS_DIR; };
		A769E54C2BE8399C00DFAD00 /* PearDBWatchApp.swift */ = {isa = PBXFileReference; lastKnownFileType = sourcecode.swift; path = PearDBWatchApp.swift; sourceTree = "<group>"; };
		A769E54E2BE8399C00DFAD00 /* ContentView.swift */ = {isa = PBXFileReference; lastKnownFileType = sourcecode.swift; path = ContentView.swift; sourceTree = "<group>"; };
		A769E5502BE8399D00DFAD00 /* Assets.xcassets */ = {isa = PBXFileReference; lastKnownFileType = folder.assetcatalog; path = Assets.xcassets; sourceTree = "<group>"; };
		A769E5532BE8399D00DFAD00 /* Preview Assets.xcassets */ = {isa = PBXFileReference; lastKnownFileType = folder.assetcatalog; path = "Preview Assets.xcassets"; sourceTree = "<group>"; };
		A77884282C0BE93C008CC46A /* Detail.swift */ = {isa = PBXFileReference; lastKnownFileType = sourcecode.swift; path = Detail.swift; sourceTree = "<group>"; };
		A778842A2C0EA611008CC46A /* HelloView.swift */ = {isa = PBXFileReference; lastKnownFileType = sourcecode.swift; path = HelloView.swift; sourceTree = "<group>"; };
		A778842C2C0EA636008CC46A /* TestView.swift */ = {isa = PBXFileReference; lastKnownFileType = sourcecode.swift; path = TestView.swift; sourceTree = "<group>"; };
		A778842E2C0EA63F008CC46A /* SettingsView.swift */ = {isa = PBXFileReference; lastKnownFileType = sourcecode.swift; path = SettingsView.swift; sourceTree = "<group>"; };
		A788DD4B2BF5916E00F8F734 /* SupaInline.swift */ = {isa = PBXFileReference; lastKnownFileType = sourcecode.swift; path = SupaInline.swift; sourceTree = "<group>"; };
		A788DD4D2BF5968C00F8F734 /* SupaCornerRight.swift */ = {isa = PBXFileReference; lastKnownFileType = sourcecode.swift; path = SupaCornerRight.swift; sourceTree = "<group>"; };
		A788DD4F2BF5A45F00F8F734 /* SupaCornerLeft.swift */ = {isa = PBXFileReference; lastKnownFileType = sourcecode.swift; path = SupaCornerLeft.swift; sourceTree = "<group>"; };
/* End PBXFileReference section */

/* Begin PBXFileSystemSynchronizedBuildFileExceptionSet section */
		A7242FE02C19C0C000100ABE /* PBXFileSystemSynchronizedBuildFileExceptionSet */ = {
			isa = PBXFileSystemSynchronizedBuildFileExceptionSet;
			membershipExceptions = (
				LeftSupa.swift,
				RightSupa.swift,
				SupaSmall.swift,
				SupaYears.swift,
				SupaYearsText.swift,
			);
			target = A7242FCC2C19BFAB00100ABE /* PearDBPhoneWidgetExtension */;
		};
/* End PBXFileSystemSynchronizedBuildFileExceptionSet section */

/* Begin PBXFileSystemSynchronizedRootGroup section */
		A7242FDF2C19C0BC00100ABE /* Bundle */ = {isa = PBXFileSystemSynchronizedRootGroup; exceptions = (A7242FE02C19C0C000100ABE /* PBXFileSystemSynchronizedBuildFileExceptionSet */, ); explicitFileTypes = {}; explicitFolders = (); path = Bundle; sourceTree = "<group>"; };
/* End PBXFileSystemSynchronizedRootGroup section */

/* Begin PBXFrameworksBuildPhase section */
		A7012F562BF4115F0021415B /* Frameworks */ = {
			isa = PBXFrameworksBuildPhase;
			buildActionMask = 2147483647;
			files = (
				A7012F5B2BF4115F0021415B /* SwiftUI.framework in Frameworks */,
				A7012F5A2BF4115F0021415B /* WidgetKit.framework in Frameworks */,
			);
			runOnlyForDeploymentPostprocessing = 0;
		};
		A7242FCA2C19BFAB00100ABE /* Frameworks */ = {
			isa = PBXFrameworksBuildPhase;
			buildActionMask = 2147483647;
			files = (
				A7242FCF2C19BFAB00100ABE /* SwiftUI.framework in Frameworks */,
				A7242FCE2C19BFAB00100ABE /* WidgetKit.framework in Frameworks */,
			);
			runOnlyForDeploymentPostprocessing = 0;
		};
		A7544CAC2C01B53900435D83 /* Frameworks */ = {
			isa = PBXFrameworksBuildPhase;
			buildActionMask = 2147483647;
			files = (
			);
			runOnlyForDeploymentPostprocessing = 0;
		};
		A769E52D2BE8389D00DFAD00 /* Frameworks */ = {
			isa = PBXFrameworksBuildPhase;
			buildActionMask = 2147483647;
			files = (
				A76D792E2C15BF9400936904 /* SwiftTipJar in Frameworks */,
			);
			runOnlyForDeploymentPostprocessing = 0;
		};
		A769E5472BE8399C00DFAD00 /* Frameworks */ = {
			isa = PBXFrameworksBuildPhase;
			buildActionMask = 2147483647;
			files = (
			);
			runOnlyForDeploymentPostprocessing = 0;
		};
/* End PBXFrameworksBuildPhase section */

/* Begin PBXGroup section */
		A7012F092BF0ABC00021415B /* Views */ = {
			isa = PBXGroup;
			children = (
				A7012F102BF173800021415B /* Settings */,
				A7012F052BF0A8C20021415B /* SettingsView.swift */,
				A7012F072BF0AB8D0021415B /* AppleDBView.swift */,
			);
			path = Views;
			sourceTree = "<group>";
		};
		A7012F0D2BF0B5250021415B /* Inators */ = {
			isa = PBXGroup;
			children = (
				A7012F212BF187C90021415B /* GetImageFromInator.swift */,
				A7012F232BF187D60021415B /* ColorExtensionInator.swift */,
				A7012F252BF187E40021415B /* TextExtensionInator.swift */,
				A7012F272BF2E0730021415B /* UINaviContInator.swift */,
			);
			path = Inators;
			sourceTree = "<group>";
		};
		A7012F102BF173800021415B /* Settings */ = {
			isa = PBXGroup;
			children = (
				A77884282C0BE93C008CC46A /* Detail.swift */,
				A7012F112BF1739E0021415B /* Display.swift */,
				A7012F152BF173BB0021415B /* Licences.swift */,
				A7012F132BF173A80021415B /* Languages.swift */,
				A7012F1D2BF174020021415B /* ResetSettings.swift */,
				A7012F192BF173D70021415B /* SupportPearDB.swift */,
				A7012F172BF173C60021415B /* GithubRepository.swift */,
				A7012F1B2BF173E60021415B /* ClearNetworkCache.swift */,
			);
			path = Settings;
			sourceTree = "<group>";
		};
		A7012F2E2BF40AEC0021415B /* Frameworks */ = {
			isa = PBXGroup;
			children = (
				A7012F2F2BF40AEC0021415B /* WidgetKit.framework */,
				A7012F312BF40AEC0021415B /* SwiftUI.framework */,
			);
			name = Frameworks;
			sourceTree = "<group>";
		};
		A7012F5C2BF4115F0021415B /* PearDBWatchWidget */ = {
			isa = PBXGroup;
			children = (
				A7012F5D2BF4115F0021415B /* PearDBWatchWidget.swift */,
				A7012F6C2BF41B700021415B /* Bundle */,
				A7012F612BF411610021415B /* Assets.xcassets */,
				A7012F632BF411610021415B /* Info.plist */,
			);
			path = PearDBWatchWidget;
			sourceTree = "<group>";
		};
		A7012F6C2BF41B700021415B /* Bundle */ = {
			isa = PBXGroup;
			children = (
				A7012F6A2BF41B1A0021415B /* LeftSupa.swift */,
				A7012F6D2BF41B970021415B /* RightSupa.swift */,
				A788DD4B2BF5916E00F8F734 /* SupaInline.swift */,
				A7012F732BF4343C0021415B /* SupaYears.swift */,
				A788DD4F2BF5A45F00F8F734 /* SupaCornerLeft.swift */,
				A788DD4D2BF5968C00F8F734 /* SupaCornerRight.swift */,
			);
			path = Bundle;
			sourceTree = "<group>";
		};
		A7242FD02C19BFAB00100ABE /* PearDBPhoneWidget */ = {
			isa = PBXGroup;
			children = (
				A7242FD12C19BFAB00100ABE /* PearDBPhoneWidgetBundle.swift */,
				A7242FDF2C19C0BC00100ABE /* Bundle */,
				A7242FD52C19BFAC00100ABE /* Assets.xcassets */,
				A7242FD72C19BFAC00100ABE /* Info.plist */,
			);
			path = PearDBPhoneWidget;
			sourceTree = "<group>";
		};
		A7544CB02C01B53900435D83 /* PearDB TV */ = {
			isa = PBXGroup;
			children = (
				A7544CB12C01B53900435D83 /* PearDB_TVApp.swift */,
				A7544CB32C01B53900435D83 /* ContentView.swift */,
				A778842C2C0EA636008CC46A /* TestView.swift */,
				A778842E2C0EA63F008CC46A /* SettingsView.swift */,
				A778842A2C0EA611008CC46A /* HelloView.swift */,
				A7544CB52C01B53A00435D83 /* Assets.xcassets */,
				A7544CB72C01B53A00435D83 /* Preview Content */,
			);
			path = "PearDB TV";
			sourceTree = "<group>";
		};
		A7544CB72C01B53A00435D83 /* Preview Content */ = {
			isa = PBXGroup;
			children = (
				A7544CB82C01B53A00435D83 /* Preview Assets.xcassets */,
			);
			path = "Preview Content";
			sourceTree = "<group>";
		};
		A769E5272BE8389D00DFAD00 = {
			isa = PBXGroup;
			children = (
				A7544CA42C0014DF00435D83 /* StoreKitTestCertificate.cer */,
				A7544CA92C00213E00435D83 /* PearDBStoreKit.storekit */,
				A769E5322BE8389D00DFAD00 /* PearDB */,
				A769E54B2BE8399C00DFAD00 /* PearDB Watch App */,
				A7242FD02C19BFAB00100ABE /* PearDBPhoneWidget */,
				A7012F5C2BF4115F0021415B /* PearDBWatchWidget */,
				A7544CB02C01B53900435D83 /* PearDB TV */,
				A7012F2E2BF40AEC0021415B /* Frameworks */,
				A769E5312BE8389D00DFAD00 /* Products */,
			);
			sourceTree = "<group>";
		};
		A769E5312BE8389D00DFAD00 /* Products */ = {
			isa = PBXGroup;
			children = (
				A769E5302BE8389D00DFAD00 /* PearDB.app */,
				A769E54A2BE8399C00DFAD00 /* Hugo Mason.app */,
				A7012F592BF4115F0021415B /* PearDBWatchWidgetExtension.appex */,
				A7544CAF2C01B53900435D83 /* PearDB TV.app */,
				A7242FCD2C19BFAB00100ABE /* PearDBPhoneWidgetExtension.appex */,
			);
			name = Products;
			sourceTree = "<group>";
		};
		A769E5322BE8389D00DFAD00 /* PearDB */ = {
			isa = PBXGroup;
			children = (
				A7242FC72C19BDBA00100ABE /* Info.plist */,
				A7012F0D2BF0B5250021415B /* Inators */,
				A7012F092BF0ABC00021415B /* Views */,
				A769E5332BE8389D00DFAD00 /* PearDBApp.swift */,
				A769E5352BE8389D00DFAD00 /* ContentView.swift */,
				A769E5372BE8389E00DFAD00 /* Assets.xcassets */,
				A769E53C2BE8389E00DFAD00 /* Persistence.swift */,
				A769E53E2BE8389E00DFAD00 /* PearDB.xcdatamodeld */,
				A769E5392BE8389E00DFAD00 /* Preview Content */,
			);
			path = PearDB;
			sourceTree = "<group>";
		};
		A769E5392BE8389E00DFAD00 /* Preview Content */ = {
			isa = PBXGroup;
			children = (
				A769E53A2BE8389E00DFAD00 /* Preview Assets.xcassets */,
			);
			path = "Preview Content";
			sourceTree = "<group>";
		};
		A769E54B2BE8399C00DFAD00 /* PearDB Watch App */ = {
			isa = PBXGroup;
			children = (
				A7242FC82C19BDD300100ABE /* PearDB-Watch-App-Info.plist */,
				A769E54C2BE8399C00DFAD00 /* PearDBWatchApp.swift */,
				A769E54E2BE8399C00DFAD00 /* ContentView.swift */,
				A736A8F22BE83BE70086418E /* SoundView.swift */,
				A721C6882BF5F4800070A140 /* HomeView.swift */,
				A769E5502BE8399D00DFAD00 /* Assets.xcassets */,
				A769E5522BE8399D00DFAD00 /* Preview Content */,
			);
			path = "PearDB Watch App";
			sourceTree = "<group>";
		};
		A769E5522BE8399D00DFAD00 /* Preview Content */ = {
			isa = PBXGroup;
			children = (
				A769E5532BE8399D00DFAD00 /* Preview Assets.xcassets */,
			);
			path = "Preview Content";
			sourceTree = "<group>";
		};
/* End PBXGroup section */

/* Begin PBXNativeTarget section */
		A7012F582BF4115F0021415B /* PearDBWatchWidgetExtension */ = {
			isa = PBXNativeTarget;
			buildConfigurationList = A7012F672BF411610021415B /* Build configuration list for PBXNativeTarget "PearDBWatchWidgetExtension" */;
			buildPhases = (
				A7012F552BF4115F0021415B /* Sources */,
				A7012F562BF4115F0021415B /* Frameworks */,
				A7012F572BF4115F0021415B /* Resources */,
			);
			buildRules = (
			);
			dependencies = (
			);
			name = PearDBWatchWidgetExtension;
			productName = PearDBWidgetExtension;
			productReference = A7012F592BF4115F0021415B /* PearDBWatchWidgetExtension.appex */;
			productType = "com.apple.product-type.app-extension";
		};
		A7242FCC2C19BFAB00100ABE /* PearDBPhoneWidgetExtension */ = {
			isa = PBXNativeTarget;
			buildConfigurationList = A7242FDB2C19BFAC00100ABE /* Build configuration list for PBXNativeTarget "PearDBPhoneWidgetExtension" */;
			buildPhases = (
				A7242FC92C19BFAB00100ABE /* Sources */,
				A7242FCA2C19BFAB00100ABE /* Frameworks */,
				A7242FCB2C19BFAB00100ABE /* Resources */,
			);
			buildRules = (
			);
			dependencies = (
			);
			name = PearDBPhoneWidgetExtension;
			productName = PearDBPhoneWidgetExtension;
			productReference = A7242FCD2C19BFAB00100ABE /* PearDBPhoneWidgetExtension.appex */;
			productType = "com.apple.product-type.app-extension";
		};
		A7544CAE2C01B53900435D83 /* PearDB TV */ = {
			isa = PBXNativeTarget;
			buildConfigurationList = A7544CBC2C01B53A00435D83 /* Build configuration list for PBXNativeTarget "PearDB TV" */;
			buildPhases = (
				A7544CAB2C01B53900435D83 /* Sources */,
				A7544CAC2C01B53900435D83 /* Frameworks */,
				A7544CAD2C01B53900435D83 /* Resources */,
			);
			buildRules = (
			);
			dependencies = (
			);
			name = "PearDB TV";
			productName = "PearDB TV";
			productReference = A7544CAF2C01B53900435D83 /* PearDB TV.app */;
			productType = "com.apple.product-type.application";
		};
		A769E52F2BE8389D00DFAD00 /* PearDB */ = {
			isa = PBXNativeTarget;
			buildConfigurationList = A769E5432BE8389E00DFAD00 /* Build configuration list for PBXNativeTarget "PearDB" */;
			buildPhases = (
				A769E52C2BE8389D00DFAD00 /* Sources */,
				A769E52D2BE8389D00DFAD00 /* Frameworks */,
				A769E52E2BE8389D00DFAD00 /* Resources */,
				A769E55B2BE8399D00DFAD00 /* Embed Watch Content */,
				A7242FDE2C19BFAC00100ABE /* Embed Foundation Extensions */,
			);
			buildRules = (
			);
			dependencies = (
				A769E5562BE8399D00DFAD00 /* PBXTargetDependency */,
				A7242FD92C19BFAC00100ABE /* PBXTargetDependency */,
			);
			name = PearDB;
			packageProductDependencies = (
				A76D792D2C15BF9400936904 /* SwiftTipJar */,
			);
			productName = PearDB;
			productReference = A769E5302BE8389D00DFAD00 /* PearDB.app */;
			productType = "com.apple.product-type.application";
		};
		A769E5492BE8399C00DFAD00 /* PearDB Watch App */ = {
			isa = PBXNativeTarget;
			buildConfigurationList = A769E5582BE8399D00DFAD00 /* Build configuration list for PBXNativeTarget "PearDB Watch App" */;
			buildPhases = (
				A769E5462BE8399C00DFAD00 /* Sources */,
				A769E5472BE8399C00DFAD00 /* Frameworks */,
				A769E5482BE8399C00DFAD00 /* Resources */,
				A7012F412BF40AEE0021415B /* Embed Foundation Extensions */,
			);
			buildRules = (
			);
			dependencies = (
				A7012F652BF411610021415B /* PBXTargetDependency */,
			);
			name = "PearDB Watch App";
			productName = "PearDB Watch App";
			productReference = A769E54A2BE8399C00DFAD00 /* Hugo Mason.app */;
			productType = "com.apple.product-type.application";
		};
/* End PBXNativeTarget section */

/* Begin PBXProject section */
		A769E5282BE8389D00DFAD00 /* Project object */ = {
			isa = PBXProject;
			attributes = {
				BuildIndependentTargetsInParallel = 1;
				LastSwiftUpdateCheck = 1600;
				LastUpgradeCheck = 1530;
				TargetAttributes = {
					A7012F582BF4115F0021415B = {
						CreatedOnToolsVersion = 15.4;
					};
					A7242FCC2C19BFAB00100ABE = {
						CreatedOnToolsVersion = 16.0;
					};
					A7544CAE2C01B53900435D83 = {
						CreatedOnToolsVersion = 15.4;
					};
					A769E52F2BE8389D00DFAD00 = {
						CreatedOnToolsVersion = 15.3;
					};
					A769E5492BE8399C00DFAD00 = {
						CreatedOnToolsVersion = 15.3;
					};
				};
			};
			buildConfigurationList = A769E52B2BE8389D00DFAD00 /* Build configuration list for PBXProject "PearDB" */;
			compatibilityVersion = "Xcode 12.0";
			developmentRegion = en;
			hasScannedForEncodings = 0;
			knownRegions = (
				en,
				Base,
			);
			mainGroup = A769E5272BE8389D00DFAD00;
			packageReferences = (
				A76D792C2C15BF9400936904 /* XCRemoteSwiftPackageReference "SwiftTipJar" */,
			);
			productRefGroup = A769E5312BE8389D00DFAD00 /* Products */;
			projectDirPath = "";
			projectRoot = "";
			targets = (
				A769E52F2BE8389D00DFAD00 /* PearDB */,
				A7544CAE2C01B53900435D83 /* PearDB TV */,
				A769E5492BE8399C00DFAD00 /* PearDB Watch App */,
				A7012F582BF4115F0021415B /* PearDBWatchWidgetExtension */,
				A7242FCC2C19BFAB00100ABE /* PearDBPhoneWidgetExtension */,
			);
		};
/* End PBXProject section */

/* Begin PBXResourcesBuildPhase section */
		A7012F572BF4115F0021415B /* Resources */ = {
			isa = PBXResourcesBuildPhase;
			buildActionMask = 2147483647;
			files = (
				A7012F622BF411610021415B /* Assets.xcassets in Resources */,
			);
			runOnlyForDeploymentPostprocessing = 0;
		};
		A7242FCB2C19BFAB00100ABE /* Resources */ = {
			isa = PBXResourcesBuildPhase;
			buildActionMask = 2147483647;
			files = (
				A7242FD62C19BFAC00100ABE /* Assets.xcassets in Resources */,
			);
			runOnlyForDeploymentPostprocessing = 0;
		};
		A7544CAD2C01B53900435D83 /* Resources */ = {
			isa = PBXResourcesBuildPhase;
			buildActionMask = 2147483647;
			files = (
				A7544CB92C01B53A00435D83 /* Preview Assets.xcassets in Resources */,
				A7544CB62C01B53A00435D83 /* Assets.xcassets in Resources */,
			);
			runOnlyForDeploymentPostprocessing = 0;
		};
		A769E52E2BE8389D00DFAD00 /* Resources */ = {
			isa = PBXResourcesBuildPhase;
			buildActionMask = 2147483647;
			files = (
				A769E53B2BE8389E00DFAD00 /* Preview Assets.xcassets in Resources */,
				A7544CAA2C00213E00435D83 /* PearDBStoreKit.storekit in Resources */,
				A769E5382BE8389E00DFAD00 /* Assets.xcassets in Resources */,
				A7544CA52C0014DF00435D83 /* StoreKitTestCertificate.cer in Resources */,
			);
			runOnlyForDeploymentPostprocessing = 0;
		};
		A769E5482BE8399C00DFAD00 /* Resources */ = {
			isa = PBXResourcesBuildPhase;
			buildActionMask = 2147483647;
			files = (
				A769E5542BE8399D00DFAD00 /* Preview Assets.xcassets in Resources */,
				A769E5512BE8399D00DFAD00 /* Assets.xcassets in Resources */,
			);
			runOnlyForDeploymentPostprocessing = 0;
		};
/* End PBXResourcesBuildPhase section */

/* Begin PBXSourcesBuildPhase section */
		A7012F552BF4115F0021415B /* Sources */ = {
			isa = PBXSourcesBuildPhase;
			buildActionMask = 2147483647;
			files = (
				A7012F742BF4343C0021415B /* SupaYears.swift in Sources */,
				A788DD502BF5A45F00F8F734 /* SupaCornerLeft.swift in Sources */,
				A7012F5E2BF4115F0021415B /* PearDBWatchWidget.swift in Sources */,
				A7012F6E2BF41B970021415B /* RightSupa.swift in Sources */,
				A788DD4E2BF5968C00F8F734 /* SupaCornerRight.swift in Sources */,
				A788DD4C2BF5916E00F8F734 /* SupaInline.swift in Sources */,
				A7012F6B2BF41B1A0021415B /* LeftSupa.swift in Sources */,
			);
			runOnlyForDeploymentPostprocessing = 0;
		};
		A7242FC92C19BFAB00100ABE /* Sources */ = {
			isa = PBXSourcesBuildPhase;
			buildActionMask = 2147483647;
			files = (
				A7242FD22C19BFAB00100ABE /* PearDBPhoneWidgetBundle.swift in Sources */,
			);
			runOnlyForDeploymentPostprocessing = 0;
		};
		A7544CAB2C01B53900435D83 /* Sources */ = {
			isa = PBXSourcesBuildPhase;
			buildActionMask = 2147483647;
			files = (
				A778842F2C0EA63F008CC46A /* SettingsView.swift in Sources */,
				A778842D2C0EA636008CC46A /* TestView.swift in Sources */,
				A778842B2C0EA611008CC46A /* HelloView.swift in Sources */,
				A7544CB42C01B53900435D83 /* ContentView.swift in Sources */,
				A7544CB22C01B53900435D83 /* PearDB_TVApp.swift in Sources */,
			);
			runOnlyForDeploymentPostprocessing = 0;
		};
		A769E52C2BE8389D00DFAD00 /* Sources */ = {
			isa = PBXSourcesBuildPhase;
			buildActionMask = 2147483647;
			files = (
				A7012F222BF187C90021415B /* GetImageFromInator.swift in Sources */,
				A7012F062BF0A8C20021415B /* SettingsView.swift in Sources */,
				A77884292C0BE93C008CC46A /* Detail.swift in Sources */,
				A7012F142BF173A80021415B /* Languages.swift in Sources */,
				A7012F262BF187E40021415B /* TextExtensionInator.swift in Sources */,
				A7012F182BF173C60021415B /* GithubRepository.swift in Sources */,
				A769E53D2BE8389E00DFAD00 /* Persistence.swift in Sources */,
				A7012F242BF187D60021415B /* ColorExtensionInator.swift in Sources */,
				A7012F1A2BF173D70021415B /* SupportPearDB.swift in Sources */,
				A7012F122BF1739E0021415B /* Display.swift in Sources */,
				A769E5402BE8389E00DFAD00 /* PearDB.xcdatamodeld in Sources */,
				A7012F1C2BF173E60021415B /* ClearNetworkCache.swift in Sources */,
				A7012F1E2BF174020021415B /* ResetSettings.swift in Sources */,
				A769E5362BE8389D00DFAD00 /* ContentView.swift in Sources */,
				A7012F162BF173BB0021415B /* Licences.swift in Sources */,
				A769E5342BE8389D00DFAD00 /* PearDBApp.swift in Sources */,
				A7012F082BF0AB8D0021415B /* AppleDBView.swift in Sources */,
				A7012F282BF2E0730021415B /* UINaviContInator.swift in Sources */,
			);
			runOnlyForDeploymentPostprocessing = 0;
		};
		A769E5462BE8399C00DFAD00 /* Sources */ = {
			isa = PBXSourcesBuildPhase;
			buildActionMask = 2147483647;
			files = (
				A769E54F2BE8399C00DFAD00 /* ContentView.swift in Sources */,
				A721C6892BF5F4810070A140 /* HomeView.swift in Sources */,
				A769E54D2BE8399C00DFAD00 /* PearDBWatchApp.swift in Sources */,
				A736A8F32BE83BE70086418E /* SoundView.swift in Sources */,
			);
			runOnlyForDeploymentPostprocessing = 0;
		};
/* End PBXSourcesBuildPhase section */

/* Begin PBXTargetDependency section */
		A7012F652BF411610021415B /* PBXTargetDependency */ = {
			isa = PBXTargetDependency;
			target = A7012F582BF4115F0021415B /* PearDBWatchWidgetExtension */;
			targetProxy = A7012F642BF411610021415B /* PBXContainerItemProxy */;
		};
		A7242FD92C19BFAC00100ABE /* PBXTargetDependency */ = {
			isa = PBXTargetDependency;
			target = A7242FCC2C19BFAB00100ABE /* PearDBPhoneWidgetExtension */;
			targetProxy = A7242FD82C19BFAC00100ABE /* PBXContainerItemProxy */;
		};
		A769E5562BE8399D00DFAD00 /* PBXTargetDependency */ = {
			isa = PBXTargetDependency;
			target = A769E5492BE8399C00DFAD00 /* PearDB Watch App */;
			targetProxy = A769E5552BE8399D00DFAD00 /* PBXContainerItemProxy */;
		};
/* End PBXTargetDependency section */

/* Begin XCBuildConfiguration section */
		A7012F682BF411610021415B /* Debug */ = {
			isa = XCBuildConfiguration;
			buildSettings = {
				ARCHS = "$(ARCHS_STANDARD)";
				ASSETCATALOG_COMPILER_GLOBAL_ACCENT_COLOR_NAME = AccentColor;
				ASSETCATALOG_COMPILER_WIDGET_BACKGROUND_COLOR_NAME = WidgetBackground;
				CODE_SIGN_STYLE = Automatic;
				CURRENT_PROJECT_VERSION = 24;
				DEVELOPMENT_TEAM = XVQR493263;
				GENERATE_INFOPLIST_FILE = YES;
				INFOPLIST_FILE = PearDBWatchWidget/Info.plist;
				INFOPLIST_KEY_CFBundleDisplayName = PearDBWidget;
				INFOPLIST_KEY_NSHumanReadableCopyright = "";
				LD_RUNPATH_SEARCH_PATHS = (
					"$(inherited)",
					"@executable_path/Frameworks",
					"@executable_path/../../Frameworks",
					"@executable_path/../../../../Frameworks",
				);
				MARKETING_VERSION = 0.0.16;
				PRODUCT_BUNDLE_IDENTIFIER = com.hydrate.PearDB.watchkitapp.PearDBWidget;
				PRODUCT_NAME = "$(TARGET_NAME)";
				SDKROOT = watchos;
				SKIP_INSTALL = YES;
				SWIFT_EMIT_LOC_STRINGS = YES;
				SWIFT_VERSION = 5.0;
				TARGETED_DEVICE_FAMILY = 4;
				WATCHOS_DEPLOYMENT_TARGET = 9.0;
			};
			name = Debug;
		};
		A7012F692BF411610021415B /* Release */ = {
			isa = XCBuildConfiguration;
			buildSettings = {
				ARCHS = "$(ARCHS_STANDARD)";
				ASSETCATALOG_COMPILER_GLOBAL_ACCENT_COLOR_NAME = AccentColor;
				ASSETCATALOG_COMPILER_WIDGET_BACKGROUND_COLOR_NAME = WidgetBackground;
				CODE_SIGN_STYLE = Automatic;
				CURRENT_PROJECT_VERSION = 24;
				DEVELOPMENT_TEAM = XVQR493263;
				GENERATE_INFOPLIST_FILE = YES;
				INFOPLIST_FILE = PearDBWatchWidget/Info.plist;
				INFOPLIST_KEY_CFBundleDisplayName = PearDBWidget;
				INFOPLIST_KEY_NSHumanReadableCopyright = "";
				LD_RUNPATH_SEARCH_PATHS = (
					"$(inherited)",
					"@executable_path/Frameworks",
					"@executable_path/../../Frameworks",
					"@executable_path/../../../../Frameworks",
				);
				MARKETING_VERSION = 0.0.16;
				PRODUCT_BUNDLE_IDENTIFIER = com.hydrate.PearDB.watchkitapp.PearDBWidget;
				PRODUCT_NAME = "$(TARGET_NAME)";
				SDKROOT = watchos;
				SKIP_INSTALL = YES;
				SWIFT_EMIT_LOC_STRINGS = YES;
				SWIFT_VERSION = 5.0;
				TARGETED_DEVICE_FAMILY = 4;
				WATCHOS_DEPLOYMENT_TARGET = 9.0;
			};
			name = Release;
		};
		A7242FDC2C19BFAC00100ABE /* Debug */ = {
			isa = XCBuildConfiguration;
			buildSettings = {
				ASSETCATALOG_COMPILER_GLOBAL_ACCENT_COLOR_NAME = AccentColor;
				ASSETCATALOG_COMPILER_WIDGET_BACKGROUND_COLOR_NAME = WidgetBackground;
				CODE_SIGN_STYLE = Automatic;
				CURRENT_PROJECT_VERSION = 24;
				DEVELOPMENT_TEAM = XVQR493263;
				GENERATE_INFOPLIST_FILE = YES;
				INFOPLIST_FILE = PearDBPhoneWidget/Info.plist;
				INFOPLIST_KEY_CFBundleDisplayName = PearDBPhoneWidget;
				INFOPLIST_KEY_NSHumanReadableCopyright = "";
				IPHONEOS_DEPLOYMENT_TARGET = 16.0;
				LD_RUNPATH_SEARCH_PATHS = (
					"$(inherited)",
					"@executable_path/Frameworks",
					"@executable_path/../../Frameworks",
				);
				MARKETING_VERSION = 0.0.16;
				PRODUCT_BUNDLE_IDENTIFIER = com.hydrate.PearDB.PearDBPhoneWidget;
				PRODUCT_NAME = "$(TARGET_NAME)";
				SKIP_INSTALL = YES;
				SWIFT_EMIT_LOC_STRINGS = YES;
				SWIFT_VERSION = 5.0;
				TARGETED_DEVICE_FAMILY = "1,2";
			};
			name = Debug;
		};
		A7242FDD2C19BFAC00100ABE /* Release */ = {
			isa = XCBuildConfiguration;
			buildSettings = {
				ASSETCATALOG_COMPILER_GLOBAL_ACCENT_COLOR_NAME = AccentColor;
				ASSETCATALOG_COMPILER_WIDGET_BACKGROUND_COLOR_NAME = WidgetBackground;
				CODE_SIGN_STYLE = Automatic;
				CURRENT_PROJECT_VERSION = 24;
				DEVELOPMENT_TEAM = XVQR493263;
				GENERATE_INFOPLIST_FILE = YES;
				INFOPLIST_FILE = PearDBPhoneWidget/Info.plist;
				INFOPLIST_KEY_CFBundleDisplayName = PearDBPhoneWidget;
				INFOPLIST_KEY_NSHumanReadableCopyright = "";
				IPHONEOS_DEPLOYMENT_TARGET = 16.0;
				LD_RUNPATH_SEARCH_PATHS = (
					"$(inherited)",
					"@executable_path/Frameworks",
					"@executable_path/../../Frameworks",
				);
				MARKETING_VERSION = 0.0.16;
				PRODUCT_BUNDLE_IDENTIFIER = com.hydrate.PearDB.PearDBPhoneWidget;
				PRODUCT_NAME = "$(TARGET_NAME)";
				SKIP_INSTALL = YES;
				SWIFT_EMIT_LOC_STRINGS = YES;
				SWIFT_VERSION = 5.0;
				TARGETED_DEVICE_FAMILY = "1,2";
			};
			name = Release;
		};
		A7544CBA2C01B53A00435D83 /* Debug */ = {
			isa = XCBuildConfiguration;
			buildSettings = {
				ARCHS = "$(ARCHS_STANDARD)";
				ASSETCATALOG_COMPILER_APPICON_NAME = "App Icon & Top Shelf Image";
				ASSETCATALOG_COMPILER_GLOBAL_ACCENT_COLOR_NAME = AccentColor;
				CODE_SIGN_STYLE = Automatic;
				CURRENT_PROJECT_VERSION = 1;
				DEVELOPMENT_ASSET_PATHS = "\"PearDB TV/Preview Content\"";
				DEVELOPMENT_TEAM = XVQR493263;
				ENABLE_PREVIEWS = YES;
				GENERATE_INFOPLIST_FILE = YES;
				INFOPLIST_KEY_CFBundleDisplayName = PearDB;
				INFOPLIST_KEY_LSApplicationCategoryType = "public.app-category.utilities";
				INFOPLIST_KEY_UILaunchScreen_Generation = YES;
				INFOPLIST_KEY_UIUserInterfaceStyle = Automatic;
				LD_RUNPATH_SEARCH_PATHS = (
					"$(inherited)",
					"@executable_path/Frameworks",
				);
				MARKETING_VERSION = 1.0;
				PRODUCT_BUNDLE_IDENTIFIER = "com.hydrate.PearDB-TV";
				PRODUCT_NAME = "$(TARGET_NAME)";
				SDKROOT = appletvos;
				SWIFT_EMIT_LOC_STRINGS = YES;
				SWIFT_VERSION = 5.0;
				TARGETED_DEVICE_FAMILY = 3;
				TVOS_DEPLOYMENT_TARGET = 16.0;
			};
			name = Debug;
		};
		A7544CBB2C01B53A00435D83 /* Release */ = {
			isa = XCBuildConfiguration;
			buildSettings = {
				ARCHS = "$(ARCHS_STANDARD)";
				ASSETCATALOG_COMPILER_APPICON_NAME = "App Icon & Top Shelf Image";
				ASSETCATALOG_COMPILER_GLOBAL_ACCENT_COLOR_NAME = AccentColor;
				CODE_SIGN_STYLE = Automatic;
				CURRENT_PROJECT_VERSION = 1;
				DEVELOPMENT_ASSET_PATHS = "\"PearDB TV/Preview Content\"";
				DEVELOPMENT_TEAM = XVQR493263;
				ENABLE_PREVIEWS = YES;
				GENERATE_INFOPLIST_FILE = YES;
				INFOPLIST_KEY_CFBundleDisplayName = PearDB;
				INFOPLIST_KEY_LSApplicationCategoryType = "public.app-category.utilities";
				INFOPLIST_KEY_UILaunchScreen_Generation = YES;
				INFOPLIST_KEY_UIUserInterfaceStyle = Automatic;
				LD_RUNPATH_SEARCH_PATHS = (
					"$(inherited)",
					"@executable_path/Frameworks",
				);
				MARKETING_VERSION = 1.0;
				PRODUCT_BUNDLE_IDENTIFIER = "com.hydrate.PearDB-TV";
				PRODUCT_NAME = "$(TARGET_NAME)";
				SDKROOT = appletvos;
				SWIFT_EMIT_LOC_STRINGS = YES;
				SWIFT_VERSION = 5.0;
				TARGETED_DEVICE_FAMILY = 3;
				TVOS_DEPLOYMENT_TARGET = 16.0;
			};
			name = Release;
		};
		A769E5412BE8389E00DFAD00 /* Debug */ = {
			isa = XCBuildConfiguration;
			buildSettings = {
				ALWAYS_SEARCH_USER_PATHS = NO;
				ASSETCATALOG_COMPILER_GENERATE_SWIFT_ASSET_SYMBOL_EXTENSIONS = YES;
				CLANG_ANALYZER_NONNULL = YES;
				CLANG_ANALYZER_NUMBER_OBJECT_CONVERSION = YES_AGGRESSIVE;
				CLANG_CXX_LANGUAGE_STANDARD = "gnu++20";
				CLANG_ENABLE_MODULES = YES;
				CLANG_ENABLE_OBJC_ARC = YES;
				CLANG_ENABLE_OBJC_WEAK = YES;
				CLANG_WARN_BLOCK_CAPTURE_AUTORELEASING = YES;
				CLANG_WARN_BOOL_CONVERSION = YES;
				CLANG_WARN_COMMA = YES;
				CLANG_WARN_CONSTANT_CONVERSION = YES;
				CLANG_WARN_DEPRECATED_OBJC_IMPLEMENTATIONS = YES;
				CLANG_WARN_DIRECT_OBJC_ISA_USAGE = YES_ERROR;
				CLANG_WARN_DOCUMENTATION_COMMENTS = YES;
				CLANG_WARN_EMPTY_BODY = YES;
				CLANG_WARN_ENUM_CONVERSION = YES;
				CLANG_WARN_INFINITE_RECURSION = YES;
				CLANG_WARN_INT_CONVERSION = YES;
				CLANG_WARN_NON_LITERAL_NULL_CONVERSION = YES;
				CLANG_WARN_OBJC_IMPLICIT_RETAIN_SELF = YES;
				CLANG_WARN_OBJC_LITERAL_CONVERSION = YES;
				CLANG_WARN_OBJC_ROOT_CLASS = YES_ERROR;
				CLANG_WARN_QUOTED_INCLUDE_IN_FRAMEWORK_HEADER = YES;
				CLANG_WARN_RANGE_LOOP_ANALYSIS = YES;
				CLANG_WARN_STRICT_PROTOTYPES = YES;
				CLANG_WARN_SUSPICIOUS_MOVE = YES;
				CLANG_WARN_UNGUARDED_AVAILABILITY = YES_AGGRESSIVE;
				CLANG_WARN_UNREACHABLE_CODE = YES;
				CLANG_WARN__DUPLICATE_METHOD_MATCH = YES;
				COPY_PHASE_STRIP = NO;
				DEBUG_INFORMATION_FORMAT = dwarf;
				ENABLE_STRICT_OBJC_MSGSEND = YES;
				ENABLE_TESTABILITY = YES;
				ENABLE_USER_SCRIPT_SANDBOXING = YES;
				GCC_C_LANGUAGE_STANDARD = gnu17;
				GCC_DYNAMIC_NO_PIC = NO;
				GCC_NO_COMMON_BLOCKS = YES;
				GCC_OPTIMIZATION_LEVEL = 0;
				GCC_PREPROCESSOR_DEFINITIONS = (
					"DEBUG=1",
					"$(inherited)",
				);
				GCC_WARN_64_TO_32_BIT_CONVERSION = YES;
				GCC_WARN_ABOUT_RETURN_TYPE = YES_ERROR;
				GCC_WARN_UNDECLARED_SELECTOR = YES;
				GCC_WARN_UNINITIALIZED_AUTOS = YES_AGGRESSIVE;
				GCC_WARN_UNUSED_FUNCTION = YES;
				GCC_WARN_UNUSED_VARIABLE = YES;
				IPHONEOS_DEPLOYMENT_TARGET = 16.0;
				LOCALIZATION_PREFERS_STRING_CATALOGS = YES;
				MTL_ENABLE_DEBUG_INFO = INCLUDE_SOURCE;
				MTL_FAST_MATH = YES;
				ONLY_ACTIVE_ARCH = YES;
				SDKROOT = iphoneos;
				SWIFT_ACTIVE_COMPILATION_CONDITIONS = "DEBUG $(inherited)";
				SWIFT_OPTIMIZATION_LEVEL = "-Onone";
				WATCHOS_DEPLOYMENT_TARGET = 9.0;
			};
			name = Debug;
		};
		A769E5422BE8389E00DFAD00 /* Release */ = {
			isa = XCBuildConfiguration;
			buildSettings = {
				ALWAYS_SEARCH_USER_PATHS = NO;
				ASSETCATALOG_COMPILER_GENERATE_SWIFT_ASSET_SYMBOL_EXTENSIONS = YES;
				CLANG_ANALYZER_NONNULL = YES;
				CLANG_ANALYZER_NUMBER_OBJECT_CONVERSION = YES_AGGRESSIVE;
				CLANG_CXX_LANGUAGE_STANDARD = "gnu++20";
				CLANG_ENABLE_MODULES = YES;
				CLANG_ENABLE_OBJC_ARC = YES;
				CLANG_ENABLE_OBJC_WEAK = YES;
				CLANG_WARN_BLOCK_CAPTURE_AUTORELEASING = YES;
				CLANG_WARN_BOOL_CONVERSION = YES;
				CLANG_WARN_COMMA = YES;
				CLANG_WARN_CONSTANT_CONVERSION = YES;
				CLANG_WARN_DEPRECATED_OBJC_IMPLEMENTATIONS = YES;
				CLANG_WARN_DIRECT_OBJC_ISA_USAGE = YES_ERROR;
				CLANG_WARN_DOCUMENTATION_COMMENTS = YES;
				CLANG_WARN_EMPTY_BODY = YES;
				CLANG_WARN_ENUM_CONVERSION = YES;
				CLANG_WARN_INFINITE_RECURSION = YES;
				CLANG_WARN_INT_CONVERSION = YES;
				CLANG_WARN_NON_LITERAL_NULL_CONVERSION = YES;
				CLANG_WARN_OBJC_IMPLICIT_RETAIN_SELF = YES;
				CLANG_WARN_OBJC_LITERAL_CONVERSION = YES;
				CLANG_WARN_OBJC_ROOT_CLASS = YES_ERROR;
				CLANG_WARN_QUOTED_INCLUDE_IN_FRAMEWORK_HEADER = YES;
				CLANG_WARN_RANGE_LOOP_ANALYSIS = YES;
				CLANG_WARN_STRICT_PROTOTYPES = YES;
				CLANG_WARN_SUSPICIOUS_MOVE = YES;
				CLANG_WARN_UNGUARDED_AVAILABILITY = YES_AGGRESSIVE;
				CLANG_WARN_UNREACHABLE_CODE = YES;
				CLANG_WARN__DUPLICATE_METHOD_MATCH = YES;
				COPY_PHASE_STRIP = NO;
				DEBUG_INFORMATION_FORMAT = "dwarf-with-dsym";
				ENABLE_NS_ASSERTIONS = NO;
				ENABLE_STRICT_OBJC_MSGSEND = YES;
				ENABLE_USER_SCRIPT_SANDBOXING = YES;
				GCC_C_LANGUAGE_STANDARD = gnu17;
				GCC_NO_COMMON_BLOCKS = YES;
				GCC_WARN_64_TO_32_BIT_CONVERSION = YES;
				GCC_WARN_ABOUT_RETURN_TYPE = YES_ERROR;
				GCC_WARN_UNDECLARED_SELECTOR = YES;
				GCC_WARN_UNINITIALIZED_AUTOS = YES_AGGRESSIVE;
				GCC_WARN_UNUSED_FUNCTION = YES;
				GCC_WARN_UNUSED_VARIABLE = YES;
				IPHONEOS_DEPLOYMENT_TARGET = 16.0;
				LOCALIZATION_PREFERS_STRING_CATALOGS = YES;
				MTL_ENABLE_DEBUG_INFO = NO;
				MTL_FAST_MATH = YES;
				SDKROOT = iphoneos;
				SWIFT_COMPILATION_MODE = wholemodule;
				VALIDATE_PRODUCT = YES;
				WATCHOS_DEPLOYMENT_TARGET = 9.0;
			};
			name = Release;
		};
		A769E5442BE8389E00DFAD00 /* Debug */ = {
			isa = XCBuildConfiguration;
			buildSettings = {
				ALWAYS_EMBED_SWIFT_STANDARD_LIBRARIES = YES;
				ARCHS = "$(ARCHS_STANDARD)";
				ASSETCATALOG_COMPILER_APPICON_NAME = AppIcon;
				ASSETCATALOG_COMPILER_GLOBAL_ACCENT_COLOR_NAME = AccentColor;
				CODE_SIGN_STYLE = Automatic;
				CURRENT_PROJECT_VERSION = 24;
				DEVELOPMENT_ASSET_PATHS = "\"PearDB/Preview Content\"";
				DEVELOPMENT_TEAM = XVQR493263;
				ENABLE_PREVIEWS = YES;
				GENERATE_INFOPLIST_FILE = YES;
				INFOPLIST_FILE = PearDB/Info.plist;
				INFOPLIST_KEY_CFBundleDisplayName = PearDB;
				INFOPLIST_KEY_LSApplicationCategoryType = "public.app-category.utilities";
				INFOPLIST_KEY_UIApplicationSceneManifest_Generation = YES;
				INFOPLIST_KEY_UIApplicationSupportsIndirectInputEvents = YES;
				INFOPLIST_KEY_UILaunchScreen_Generation = YES;
				INFOPLIST_KEY_UISupportedInterfaceOrientations_iPad = "UIInterfaceOrientationPortrait UIInterfaceOrientationPortraitUpsideDown UIInterfaceOrientationLandscapeLeft UIInterfaceOrientationLandscapeRight";
				INFOPLIST_KEY_UISupportedInterfaceOrientations_iPhone = "UIInterfaceOrientationPortrait UIInterfaceOrientationLandscapeLeft UIInterfaceOrientationLandscapeRight";
				IPHONEOS_DEPLOYMENT_TARGET = 16.0;
				LD_RUNPATH_SEARCH_PATHS = (
					"$(inherited)",
					"@executable_path/Frameworks",
				);
				MARKETING_VERSION = 0.0.16;
				PRODUCT_BUNDLE_IDENTIFIER = com.hydrate.PearDB;
				PRODUCT_NAME = "$(TARGET_NAME)";
				SWIFT_EMIT_LOC_STRINGS = YES;
				SWIFT_VERSION = 5.0;
				TARGETED_DEVICE_FAMILY = "1,2";
			};
			name = Debug;
		};
		A769E5452BE8389E00DFAD00 /* Release */ = {
			isa = XCBuildConfiguration;
			buildSettings = {
				ALWAYS_EMBED_SWIFT_STANDARD_LIBRARIES = YES;
				ARCHS = "$(ARCHS_STANDARD)";
				ASSETCATALOG_COMPILER_APPICON_NAME = AppIcon;
				ASSETCATALOG_COMPILER_GLOBAL_ACCENT_COLOR_NAME = AccentColor;
				CODE_SIGN_STYLE = Automatic;
				CURRENT_PROJECT_VERSION = 24;
				DEVELOPMENT_ASSET_PATHS = "\"PearDB/Preview Content\"";
				DEVELOPMENT_TEAM = XVQR493263;
				ENABLE_PREVIEWS = YES;
				GENERATE_INFOPLIST_FILE = YES;
				INFOPLIST_FILE = PearDB/Info.plist;
				INFOPLIST_KEY_CFBundleDisplayName = PearDB;
				INFOPLIST_KEY_LSApplicationCategoryType = "public.app-category.utilities";
				INFOPLIST_KEY_UIApplicationSceneManifest_Generation = YES;
				INFOPLIST_KEY_UIApplicationSupportsIndirectInputEvents = YES;
				INFOPLIST_KEY_UILaunchScreen_Generation = YES;
				INFOPLIST_KEY_UISupportedInterfaceOrientations_iPad = "UIInterfaceOrientationPortrait UIInterfaceOrientationPortraitUpsideDown UIInterfaceOrientationLandscapeLeft UIInterfaceOrientationLandscapeRight";
				INFOPLIST_KEY_UISupportedInterfaceOrientations_iPhone = "UIInterfaceOrientationPortrait UIInterfaceOrientationLandscapeLeft UIInterfaceOrientationLandscapeRight";
				IPHONEOS_DEPLOYMENT_TARGET = 16.0;
				LD_RUNPATH_SEARCH_PATHS = (
					"$(inherited)",
					"@executable_path/Frameworks",
				);
				MARKETING_VERSION = 0.0.16;
				PRODUCT_BUNDLE_IDENTIFIER = com.hydrate.PearDB;
				PRODUCT_NAME = "$(TARGET_NAME)";
				SWIFT_EMIT_LOC_STRINGS = YES;
				SWIFT_VERSION = 5.0;
				TARGETED_DEVICE_FAMILY = "1,2";
			};
			name = Release;
		};
		A769E5592BE8399D00DFAD00 /* Debug */ = {
			isa = XCBuildConfiguration;
			buildSettings = {
				ALWAYS_EMBED_SWIFT_STANDARD_LIBRARIES = YES;
				ARCHS = "$(ARCHS_STANDARD)";
				ASSETCATALOG_COMPILER_APPICON_NAME = AppIcon;
				ASSETCATALOG_COMPILER_GLOBAL_ACCENT_COLOR_NAME = AccentColor;
				CODE_SIGN_STYLE = Automatic;
				CURRENT_PROJECT_VERSION = 24;
				DEVELOPMENT_ASSET_PATHS = "\"PearDB Watch App/Preview Content\"";
				DEVELOPMENT_TEAM = XVQR493263;
				ENABLE_PREVIEWS = YES;
				GENERATE_INFOPLIST_FILE = YES;
				INFOPLIST_FILE = "PearDB-Watch-App-Info.plist";
				INFOPLIST_KEY_LSApplicationCategoryType = "public.app-category.utilities";
				INFOPLIST_KEY_UISupportedInterfaceOrientations = "UIInterfaceOrientationPortrait UIInterfaceOrientationPortraitUpsideDown";
				INFOPLIST_KEY_WKCompanionAppBundleIdentifier = com.hydrate.PearDB;
				INFOPLIST_KEY_WKRunsIndependentlyOfCompanionApp = YES;
				LD_RUNPATH_SEARCH_PATHS = (
					"$(inherited)",
					"@executable_path/Frameworks",
				);
				MARKETING_VERSION = 0.0.16;
				PRODUCT_BUNDLE_IDENTIFIER = com.hydrate.PearDB.watchkitapp;
				PRODUCT_NAME = "Hugo Mason";
				SDKROOT = watchos;
				SKIP_INSTALL = YES;
				SWIFT_EMIT_LOC_STRINGS = YES;
				SWIFT_VERSION = 5.0;
				TARGETED_DEVICE_FAMILY = 4;
				WATCHOS_DEPLOYMENT_TARGET = 9.0;
			};
			name = Debug;
		};
		A769E55A2BE8399D00DFAD00 /* Release */ = {
			isa = XCBuildConfiguration;
			buildSettings = {
				ALWAYS_EMBED_SWIFT_STANDARD_LIBRARIES = YES;
				ARCHS = "$(ARCHS_STANDARD)";
				ASSETCATALOG_COMPILER_APPICON_NAME = AppIcon;
				ASSETCATALOG_COMPILER_GLOBAL_ACCENT_COLOR_NAME = AccentColor;
				CODE_SIGN_STYLE = Automatic;
				CURRENT_PROJECT_VERSION = 24;
				DEVELOPMENT_ASSET_PATHS = "\"PearDB Watch App/Preview Content\"";
				DEVELOPMENT_TEAM = XVQR493263;
				ENABLE_PREVIEWS = YES;
				GENERATE_INFOPLIST_FILE = YES;
				INFOPLIST_FILE = "PearDB-Watch-App-Info.plist";
				INFOPLIST_KEY_LSApplicationCategoryType = "public.app-category.utilities";
				INFOPLIST_KEY_UISupportedInterfaceOrientations = "UIInterfaceOrientationPortrait UIInterfaceOrientationPortraitUpsideDown";
				INFOPLIST_KEY_WKCompanionAppBundleIdentifier = com.hydrate.PearDB;
				INFOPLIST_KEY_WKRunsIndependentlyOfCompanionApp = YES;
				LD_RUNPATH_SEARCH_PATHS = (
					"$(inherited)",
					"@executable_path/Frameworks",
				);
				MARKETING_VERSION = 0.0.16;
				PRODUCT_BUNDLE_IDENTIFIER = com.hydrate.PearDB.watchkitapp;
				PRODUCT_NAME = "Hugo Mason";
				SDKROOT = watchos;
				SKIP_INSTALL = YES;
				SWIFT_EMIT_LOC_STRINGS = YES;
				SWIFT_VERSION = 5.0;
				TARGETED_DEVICE_FAMILY = 4;
				WATCHOS_DEPLOYMENT_TARGET = 9.0;
			};
			name = Release;
		};
/* End XCBuildConfiguration section */

/* Begin XCConfigurationList section */
		A7012F672BF411610021415B /* Build configuration list for PBXNativeTarget "PearDBWatchWidgetExtension" */ = {
			isa = XCConfigurationList;
			buildConfigurations = (
				A7012F682BF411610021415B /* Debug */,
				A7012F692BF411610021415B /* Release */,
			);
			defaultConfigurationIsVisible = 0;
			defaultConfigurationName = Release;
		};
		A7242FDB2C19BFAC00100ABE /* Build configuration list for PBXNativeTarget "PearDBPhoneWidgetExtension" */ = {
			isa = XCConfigurationList;
			buildConfigurations = (
				A7242FDC2C19BFAC00100ABE /* Debug */,
				A7242FDD2C19BFAC00100ABE /* Release */,
			);
			defaultConfigurationIsVisible = 0;
			defaultConfigurationName = Release;
		};
		A7544CBC2C01B53A00435D83 /* Build configuration list for PBXNativeTarget "PearDB TV" */ = {
			isa = XCConfigurationList;
			buildConfigurations = (
				A7544CBA2C01B53A00435D83 /* Debug */,
				A7544CBB2C01B53A00435D83 /* Release */,
			);
			defaultConfigurationIsVisible = 0;
			defaultConfigurationName = Release;
		};
		A769E52B2BE8389D00DFAD00 /* Build configuration list for PBXProject "PearDB" */ = {
			isa = XCConfigurationList;
			buildConfigurations = (
				A769E5412BE8389E00DFAD00 /* Debug */,
				A769E5422BE8389E00DFAD00 /* Release */,
			);
			defaultConfigurationIsVisible = 0;
			defaultConfigurationName = Release;
		};
		A769E5432BE8389E00DFAD00 /* Build configuration list for PBXNativeTarget "PearDB" */ = {
			isa = XCConfigurationList;
			buildConfigurations = (
				A769E5442BE8389E00DFAD00 /* Debug */,
				A769E5452BE8389E00DFAD00 /* Release */,
			);
			defaultConfigurationIsVisible = 0;
			defaultConfigurationName = Release;
		};
		A769E5582BE8399D00DFAD00 /* Build configuration list for PBXNativeTarget "PearDB Watch App" */ = {
			isa = XCConfigurationList;
			buildConfigurations = (
				A769E5592BE8399D00DFAD00 /* Debug */,
				A769E55A2BE8399D00DFAD00 /* Release */,
			);
			defaultConfigurationIsVisible = 0;
			defaultConfigurationName = Release;
		};
/* End XCConfigurationList section */

/* Begin XCRemoteSwiftPackageReference section */
		A76D792C2C15BF9400936904 /* XCRemoteSwiftPackageReference "SwiftTipJar" */ = {
			isa = XCRemoteSwiftPackageReference;
			repositoryURL = "https://github.com/dkasaj/SwiftTipJar";
			requirement = {
				kind = upToNextMajorVersion;
				minimumVersion = 1.1.0;
			};
		};
/* End XCRemoteSwiftPackageReference section */

/* Begin XCSwiftPackageProductDependency section */
		A76D792D2C15BF9400936904 /* SwiftTipJar */ = {
			isa = XCSwiftPackageProductDependency;
			package = A76D792C2C15BF9400936904 /* XCRemoteSwiftPackageReference "SwiftTipJar" */;
			productName = SwiftTipJar;
		};
/* End XCSwiftPackageProductDependency section */

/* Begin XCVersionGroup section */
		A769E53E2BE8389E00DFAD00 /* PearDB.xcdatamodeld */ = {
			isa = XCVersionGroup;
			children = (
				A769E53F2BE8389E00DFAD00 /* PearDB.xcdatamodel */,
			);
			currentVersion = A769E53F2BE8389E00DFAD00 /* PearDB.xcdatamodel */;
			path = PearDB.xcdatamodeld;
			sourceTree = "<group>";
			versionGroupType = wrapper.xcdatamodel;
		};
/* End XCVersionGroup section */
	};
	rootObject = A769E5282BE8389D00DFAD00 /* Project object */;
}
