// !$*UTF8*$!
{
	archiveVersion = 1;
	classes = {
	};
	objectVersion = 77;
	objects = {

/* Begin PBXBuildFile section */
		A76FC6B82D51917F002E6B3B /* WidgetKit.framework in Frameworks */ = {isa = PBXBuildFile; fileRef = A76FC6B72D51917F002E6B3B /* WidgetKit.framework */; };
		A76FC6BA2D51917F002E6B3B /* SwiftUI.framework in Frameworks */ = {isa = PBXBuildFile; fileRef = A76FC6B92D51917F002E6B3B /* SwiftUI.framework */; };
		A76FC6C52D519181002E6B3B /* PearDBPhoneWidgetExtension.appex in Embed Foundation Extensions */ = {isa = PBXBuildFile; fileRef = A76FC6B52D51917F002E6B3B /* PearDBPhoneWidgetExtension.appex */; settings = {ATTRIBUTES = (RemoveHeadersOnCopy, ); }; };
		A76FC6DC2D5191B7002E6B3B /* PearDBWatch.app in Embed Watch Content */ = {isa = PBXBuildFile; fileRef = A76FC6CF2D5191B5002E6B3B /* PearDBWatch.app */; settings = {ATTRIBUTES = (RemoveHeadersOnCopy, ); }; };
		A76FC6E62D5191D2002E6B3B /* WidgetKit.framework in Frameworks */ = {isa = PBXBuildFile; fileRef = A76FC6B72D51917F002E6B3B /* WidgetKit.framework */; };
		A76FC6E72D5191D2002E6B3B /* SwiftUI.framework in Frameworks */ = {isa = PBXBuildFile; fileRef = A76FC6B92D51917F002E6B3B /* SwiftUI.framework */; };
		A76FC6F02D5191D3002E6B3B /* PearDBWatchWidgetExtension.appex in Embed Foundation Extensions */ = {isa = PBXBuildFile; fileRef = A76FC6E52D5191D2002E6B3B /* PearDBWatchWidgetExtension.appex */; settings = {ATTRIBUTES = (RemoveHeadersOnCopy, ); }; };
		A7EF13102D6980730020715A /* WidgetKit.framework in Frameworks */ = {isa = PBXBuildFile; fileRef = A76FC6B72D51917F002E6B3B /* WidgetKit.framework */; };
		A7EF13112D6980730020715A /* SwiftUI.framework in Frameworks */ = {isa = PBXBuildFile; fileRef = A76FC6B92D51917F002E6B3B /* SwiftUI.framework */; };
		A7EF131D2D6980750020715A /* PearDBMacWidgetExtension.appex in Embed Foundation Extensions */ = {isa = PBXBuildFile; fileRef = A7EF130F2D6980730020715A /* PearDBMacWidgetExtension.appex */; settings = {ATTRIBUTES = (RemoveHeadersOnCopy, ); }; };
/* End PBXBuildFile section */

/* Begin PBXContainerItemProxy section */
		A76FC6C32D519181002E6B3B /* PBXContainerItemProxy */ = {
			isa = PBXContainerItemProxy;
			containerPortal = A74107C32D5175EB00898B0C /* Project object */;
			proxyType = 1;
			remoteGlobalIDString = A76FC6B42D51917F002E6B3B;
			remoteInfo = PearDBPhoneWidgetExtension;
		};
		A76FC6DA2D5191B7002E6B3B /* PBXContainerItemProxy */ = {
			isa = PBXContainerItemProxy;
			containerPortal = A74107C32D5175EB00898B0C /* Project object */;
			proxyType = 1;
			remoteGlobalIDString = A76FC6CE2D5191B5002E6B3B;
			remoteInfo = "PearDBWatch Watch App";
		};
		A76FC6EE2D5191D3002E6B3B /* PBXContainerItemProxy */ = {
			isa = PBXContainerItemProxy;
			containerPortal = A74107C32D5175EB00898B0C /* Project object */;
			proxyType = 1;
			remoteGlobalIDString = A76FC6E42D5191D2002E6B3B;
			remoteInfo = PearDBWatchWidgetExtension;
		};
		A7EF131B2D6980750020715A /* PBXContainerItemProxy */ = {
			isa = PBXContainerItemProxy;
			containerPortal = A74107C32D5175EB00898B0C /* Project object */;
			proxyType = 1;
			remoteGlobalIDString = A7EF130E2D6980730020715A;
			remoteInfo = PearDBMacWidgetExtension;
		};
/* End PBXContainerItemProxy section */

/* Begin PBXCopyFilesBuildPhase section */
		A76FC6CA2D519181002E6B3B /* Embed Foundation Extensions */ = {
			isa = PBXCopyFilesBuildPhase;
			buildActionMask = 2147483647;
			dstPath = "";
			dstSubfolderSpec = 13;
			files = (
				A76FC6C52D519181002E6B3B /* PearDBPhoneWidgetExtension.appex in Embed Foundation Extensions */,
			);
			name = "Embed Foundation Extensions";
			runOnlyForDeploymentPostprocessing = 0;
		};
		A76FC6E02D5191B7002E6B3B /* Embed Watch Content */ = {
			isa = PBXCopyFilesBuildPhase;
			buildActionMask = 2147483647;
			dstPath = "$(CONTENTS_FOLDER_PATH)/Watch";
			dstSubfolderSpec = 16;
			files = (
				A76FC6DC2D5191B7002E6B3B /* PearDBWatch.app in Embed Watch Content */,
			);
			name = "Embed Watch Content";
			runOnlyForDeploymentPostprocessing = 0;
		};
		A76FC6F52D5191D3002E6B3B /* Embed Foundation Extensions */ = {
			isa = PBXCopyFilesBuildPhase;
			buildActionMask = 2147483647;
			dstPath = "";
			dstSubfolderSpec = 13;
			files = (
				A76FC6F02D5191D3002E6B3B /* PearDBWatchWidgetExtension.appex in Embed Foundation Extensions */,
			);
			name = "Embed Foundation Extensions";
			runOnlyForDeploymentPostprocessing = 0;
		};
		A7EF131E2D6980750020715A /* Embed Foundation Extensions */ = {
			isa = PBXCopyFilesBuildPhase;
			buildActionMask = 2147483647;
			dstPath = "";
			dstSubfolderSpec = 13;
			files = (
				A7EF131D2D6980750020715A /* PearDBMacWidgetExtension.appex in Embed Foundation Extensions */,
			);
			name = "Embed Foundation Extensions";
			runOnlyForDeploymentPostprocessing = 0;
		};
/* End PBXCopyFilesBuildPhase section */

/* Begin PBXFileReference section */
		A74107CB2D5175EB00898B0C /* PearDB.app */ = {isa = PBXFileReference; explicitFileType = wrapper.application; includeInIndex = 0; path = PearDB.app; sourceTree = BUILT_PRODUCTS_DIR; };
		A76FC6B52D51917F002E6B3B /* PearDBPhoneWidgetExtension.appex */ = {isa = PBXFileReference; explicitFileType = "wrapper.app-extension"; includeInIndex = 0; path = PearDBPhoneWidgetExtension.appex; sourceTree = BUILT_PRODUCTS_DIR; };
		A76FC6B72D51917F002E6B3B /* WidgetKit.framework */ = {isa = PBXFileReference; lastKnownFileType = wrapper.framework; name = WidgetKit.framework; path = System/Library/Frameworks/WidgetKit.framework; sourceTree = SDKROOT; };
		A76FC6B92D51917F002E6B3B /* SwiftUI.framework */ = {isa = PBXFileReference; lastKnownFileType = wrapper.framework; name = SwiftUI.framework; path = System/Library/Frameworks/SwiftUI.framework; sourceTree = SDKROOT; };
		A76FC6CF2D5191B5002E6B3B /* PearDBWatch.app */ = {isa = PBXFileReference; explicitFileType = wrapper.application; includeInIndex = 0; path = PearDBWatch.app; sourceTree = BUILT_PRODUCTS_DIR; };
		A76FC6E52D5191D2002E6B3B /* PearDBWatchWidgetExtension.appex */ = {isa = PBXFileReference; explicitFileType = "wrapper.app-extension"; includeInIndex = 0; path = PearDBWatchWidgetExtension.appex; sourceTree = BUILT_PRODUCTS_DIR; };
		A7B6FDA42D5E822F001E2DD6 /* PearDBTV.app */ = {isa = PBXFileReference; explicitFileType = wrapper.application; includeInIndex = 0; path = PearDBTV.app; sourceTree = BUILT_PRODUCTS_DIR; };
		A7B6FDB62D5E8253001E2DD6 /* PearDBVision.app */ = {isa = PBXFileReference; explicitFileType = wrapper.application; includeInIndex = 0; path = PearDBVision.app; sourceTree = BUILT_PRODUCTS_DIR; };
		A7EF130F2D6980730020715A /* PearDBMacWidgetExtension.appex */ = {isa = PBXFileReference; explicitFileType = "wrapper.app-extension"; includeInIndex = 0; path = PearDBMacWidgetExtension.appex; sourceTree = BUILT_PRODUCTS_DIR; };
		E654315D2D6189E9008A3CC5 /* PearDBMac.app */ = {isa = PBXFileReference; explicitFileType = wrapper.application; includeInIndex = 0; path = PearDBMac.app; sourceTree = BUILT_PRODUCTS_DIR; };
/* End PBXFileReference section */

/* Begin PBXFileSystemSynchronizedBuildFileExceptionSet section */
		A71944E02D654303007A0AC2 /* Exceptions for "PearDBTV" folder in "PearDBTV" target */ = {
			isa = PBXFileSystemSynchronizedBuildFileExceptionSet;
			membershipExceptions = (
				Info.plist,
			);
			target = A7B6FDA32D5E822F001E2DD6 /* PearDBTV */;
		};
		A76FC7072D51925F002E6B3B /* Exceptions for "PearDBWatchWidget" folder in "PearDBWatchWidgetExtension" target */ = {
			isa = PBXFileSystemSynchronizedBuildFileExceptionSet;
			membershipExceptions = (
				Info.plist,
			);
			target = A76FC6E42D5191D2002E6B3B /* PearDBWatchWidgetExtension */;
		};
		A76FC7172D51939B002E6B3B /* Exceptions for "PearDBPhoneWidget" folder in "PearDBPhoneWidgetExtension" target */ = {
			isa = PBXFileSystemSynchronizedBuildFileExceptionSet;
			membershipExceptions = (
				Info.plist,
			);
			target = A76FC6B42D51917F002E6B3B /* PearDBPhoneWidgetExtension */;
		};
		A7877EE12D58A13300D33B85 /* Exceptions for "PearDB" folder in "PearDB" target */ = {
			isa = PBXFileSystemSynchronizedBuildFileExceptionSet;
			membershipExceptions = (
				Info.plist,
			);
			target = A74107CA2D5175EB00898B0C /* PearDB */;
		};
		A7877EE32D58A16200D33B85 /* Exceptions for "PearDBWatch" folder in "PearDBWatch" target */ = {
			isa = PBXFileSystemSynchronizedBuildFileExceptionSet;
			membershipExceptions = (
				Info.plist,
			);
			target = A76FC6CE2D5191B5002E6B3B /* PearDBWatch */;
		};
		A7B6FDC62D5E8255001E2DD6 /* Exceptions for "PearDBVision" folder in "PearDBVision" target */ = {
			isa = PBXFileSystemSynchronizedBuildFileExceptionSet;
			membershipExceptions = (
				Info.plist,
			);
			target = A7B6FDB52D5E8253001E2DD6 /* PearDBVision */;
		};
		A7EF13222D6980750020715A /* Exceptions for "PearDBMacWidget" folder in "PearDBMacWidgetExtension" target */ = {
			isa = PBXFileSystemSynchronizedBuildFileExceptionSet;
			membershipExceptions = (
				Info.plist,
			);
			target = A7EF130E2D6980730020715A /* PearDBMacWidgetExtension */;
		};
		A7F825792D62C9FB0030188F /* Exceptions for "PearDBMac" folder in "PearDBMac" target */ = {
			isa = PBXFileSystemSynchronizedBuildFileExceptionSet;
			membershipExceptions = (
				Info.plist,
			);
			target = E654315C2D6189E9008A3CC5 /* PearDBMac */;
		};
/* End PBXFileSystemSynchronizedBuildFileExceptionSet section */

/* Begin PBXFileSystemSynchronizedRootGroup section */
		A74107CD2D5175EB00898B0C /* PearDB */ = {
			isa = PBXFileSystemSynchronizedRootGroup;
			exceptions = (
				A7877EE12D58A13300D33B85 /* Exceptions for "PearDB" folder in "PearDB" target */,
			);
			path = PearDB;
			sourceTree = "<group>";
		};
		A76FC6BB2D51917F002E6B3B /* PearDBPhoneWidget */ = {
			isa = PBXFileSystemSynchronizedRootGroup;
			exceptions = (
				A76FC7172D51939B002E6B3B /* Exceptions for "PearDBPhoneWidget" folder in "PearDBPhoneWidgetExtension" target */,
			);
			path = PearDBPhoneWidget;
			sourceTree = "<group>";
		};
		A76FC6D02D5191B5002E6B3B /* PearDBWatch */ = {
			isa = PBXFileSystemSynchronizedRootGroup;
			exceptions = (
				A7877EE32D58A16200D33B85 /* Exceptions for "PearDBWatch" folder in "PearDBWatch" target */,
			);
			path = PearDBWatch;
			sourceTree = "<group>";
		};
		A76FC6E82D5191D2002E6B3B /* PearDBWatchWidget */ = {
			isa = PBXFileSystemSynchronizedRootGroup;
			exceptions = (
				A76FC7072D51925F002E6B3B /* Exceptions for "PearDBWatchWidget" folder in "PearDBWatchWidgetExtension" target */,
			);
			path = PearDBWatchWidget;
			sourceTree = "<group>";
		};
		A7B6FDA52D5E822F001E2DD6 /* PearDBTV */ = {
			isa = PBXFileSystemSynchronizedRootGroup;
			exceptions = (
				A71944E02D654303007A0AC2 /* Exceptions for "PearDBTV" folder in "PearDBTV" target */,
			);
			path = PearDBTV;
			sourceTree = "<group>";
		};
		A7B6FDB72D5E8253001E2DD6 /* PearDBVision */ = {
			isa = PBXFileSystemSynchronizedRootGroup;
			exceptions = (
				A7B6FDC62D5E8255001E2DD6 /* Exceptions for "PearDBVision" folder in "PearDBVision" target */,
			);
			path = PearDBVision;
			sourceTree = "<group>";
		};
		A7EF13122D6980730020715A /* PearDBMacWidget */ = {
			isa = PBXFileSystemSynchronizedRootGroup;
			exceptions = (
				A7EF13222D6980750020715A /* Exceptions for "PearDBMacWidget" folder in "PearDBMacWidgetExtension" target */,
			);
			path = PearDBMacWidget;
			sourceTree = "<group>";
		};
		E654315E2D6189E9008A3CC5 /* PearDBMac */ = {
			isa = PBXFileSystemSynchronizedRootGroup;
			exceptions = (
				A7F825792D62C9FB0030188F /* Exceptions for "PearDBMac" folder in "PearDBMac" target */,
			);
			path = PearDBMac;
			sourceTree = "<group>";
		};
		E654317A2D619722008A3CC5 /* Model */ = {
			isa = PBXFileSystemSynchronizedRootGroup;
			path = Model;
			sourceTree = "<group>";
		};
		E65431B02D619814008A3CC5 /* API */ = {
			isa = PBXFileSystemSynchronizedRootGroup;
			path = API;
			sourceTree = "<group>";
		};
/* End PBXFileSystemSynchronizedRootGroup section */

/* Begin PBXFrameworksBuildPhase section */
		A74107C82D5175EB00898B0C /* Frameworks */ = {
			isa = PBXFrameworksBuildPhase;
			buildActionMask = 2147483647;
			files = (
			);
			runOnlyForDeploymentPostprocessing = 0;
		};
		A76FC6B22D51917F002E6B3B /* Frameworks */ = {
			isa = PBXFrameworksBuildPhase;
			buildActionMask = 2147483647;
			files = (
				A76FC6BA2D51917F002E6B3B /* SwiftUI.framework in Frameworks */,
				A76FC6B82D51917F002E6B3B /* WidgetKit.framework in Frameworks */,
			);
			runOnlyForDeploymentPostprocessing = 0;
		};
		A76FC6CC2D5191B5002E6B3B /* Frameworks */ = {
			isa = PBXFrameworksBuildPhase;
			buildActionMask = 2147483647;
			files = (
			);
			runOnlyForDeploymentPostprocessing = 0;
		};
		A76FC6E22D5191D2002E6B3B /* Frameworks */ = {
			isa = PBXFrameworksBuildPhase;
			buildActionMask = 2147483647;
			files = (
				A76FC6E72D5191D2002E6B3B /* SwiftUI.framework in Frameworks */,
				A76FC6E62D5191D2002E6B3B /* WidgetKit.framework in Frameworks */,
			);
			runOnlyForDeploymentPostprocessing = 0;
		};
		A7B6FDA12D5E822F001E2DD6 /* Frameworks */ = {
			isa = PBXFrameworksBuildPhase;
			buildActionMask = 2147483647;
			files = (
			);
			runOnlyForDeploymentPostprocessing = 0;
		};
		A7B6FDB32D5E8253001E2DD6 /* Frameworks */ = {
			isa = PBXFrameworksBuildPhase;
			buildActionMask = 2147483647;
			files = (
			);
			runOnlyForDeploymentPostprocessing = 0;
		};
		A7EF130C2D6980730020715A /* Frameworks */ = {
			isa = PBXFrameworksBuildPhase;
			buildActionMask = 2147483647;
			files = (
				A7EF13112D6980730020715A /* SwiftUI.framework in Frameworks */,
				A7EF13102D6980730020715A /* WidgetKit.framework in Frameworks */,
			);
			runOnlyForDeploymentPostprocessing = 0;
		};
		E654315A2D6189E9008A3CC5 /* Frameworks */ = {
			isa = PBXFrameworksBuildPhase;
			buildActionMask = 2147483647;
			files = (
			);
			runOnlyForDeploymentPostprocessing = 0;
		};
/* End PBXFrameworksBuildPhase section */

/* Begin PBXGroup section */
		A74107C22D5175EB00898B0C = {
			isa = PBXGroup;
			children = (
				E654316C2D619525008A3CC5 /* Shared */,
				A74107CD2D5175EB00898B0C /* PearDB */,
				A76FC6BB2D51917F002E6B3B /* PearDBPhoneWidget */,
				A76FC6D02D5191B5002E6B3B /* PearDBWatch */,
				A76FC6E82D5191D2002E6B3B /* PearDBWatchWidget */,
				A7B6FDA52D5E822F001E2DD6 /* PearDBTV */,
				A7B6FDB72D5E8253001E2DD6 /* PearDBVision */,
				E654315E2D6189E9008A3CC5 /* PearDBMac */,
				A7EF13122D6980730020715A /* PearDBMacWidget */,
				A76FC6B62D51917F002E6B3B /* Frameworks */,
				A7B6FDB82D5E8254001E2DD6 /* Packages */,
				A74107CC2D5175EB00898B0C /* Products */,
			);
			sourceTree = "<group>";
		};
		A74107CC2D5175EB00898B0C /* Products */ = {
			isa = PBXGroup;
			children = (
				A74107CB2D5175EB00898B0C /* PearDB.app */,
				A76FC6B52D51917F002E6B3B /* PearDBPhoneWidgetExtension.appex */,
				A76FC6CF2D5191B5002E6B3B /* PearDBWatch.app */,
				A76FC6E52D5191D2002E6B3B /* PearDBWatchWidgetExtension.appex */,
				A7B6FDA42D5E822F001E2DD6 /* PearDBTV.app */,
				A7B6FDB62D5E8253001E2DD6 /* PearDBVision.app */,
				E654315D2D6189E9008A3CC5 /* PearDBMac.app */,
				A7EF130F2D6980730020715A /* PearDBMacWidgetExtension.appex */,
			);
			name = Products;
			sourceTree = "<group>";
		};
		A76FC6B62D51917F002E6B3B /* Frameworks */ = {
			isa = PBXGroup;
			children = (
				A76FC6B72D51917F002E6B3B /* WidgetKit.framework */,
				A76FC6B92D51917F002E6B3B /* SwiftUI.framework */,
			);
			name = Frameworks;
			sourceTree = "<group>";
		};
		A7B6FDB82D5E8254001E2DD6 /* Packages */ = {
			isa = PBXGroup;
			children = (
			);
			path = Packages;
			sourceTree = "<group>";
		};
		E654316C2D619525008A3CC5 /* Shared */ = {
			isa = PBXGroup;
			children = (
				E654317A2D619722008A3CC5 /* Model */,
				E65431B02D619814008A3CC5 /* API */,
			);
			path = Shared;
			sourceTree = "<group>";
		};
/* End PBXGroup section */

/* Begin PBXNativeTarget section */
		A74107CA2D5175EB00898B0C /* PearDB */ = {
			isa = PBXNativeTarget;
			buildConfigurationList = A74107D92D5175ED00898B0C /* Build configuration list for PBXNativeTarget "PearDB" */;
			buildPhases = (
				A74107C72D5175EB00898B0C /* Sources */,
				A74107C82D5175EB00898B0C /* Frameworks */,
				A74107C92D5175EB00898B0C /* Resources */,
				A76FC6CA2D519181002E6B3B /* Embed Foundation Extensions */,
				A76FC6E02D5191B7002E6B3B /* Embed Watch Content */,
			);
			buildRules = (
			);
			dependencies = (
				A76FC6C42D519181002E6B3B /* PBXTargetDependency */,
				A76FC6DB2D5191B7002E6B3B /* PBXTargetDependency */,
			);
			fileSystemSynchronizedGroups = (
				A74107CD2D5175EB00898B0C /* PearDB */,
				E654317A2D619722008A3CC5 /* Model */,
				E65431B02D619814008A3CC5 /* API */,
			);
			name = PearDB;
			packageProductDependencies = (
			);
			productName = PearDB;
			productReference = A74107CB2D5175EB00898B0C /* PearDB.app */;
			productType = "com.apple.product-type.application";
		};
		A76FC6B42D51917F002E6B3B /* PearDBPhoneWidgetExtension */ = {
			isa = PBXNativeTarget;
			buildConfigurationList = A76FC6C72D519181002E6B3B /* Build configuration list for PBXNativeTarget "PearDBPhoneWidgetExtension" */;
			buildPhases = (
				A76FC6B12D51917F002E6B3B /* Sources */,
				A76FC6B22D51917F002E6B3B /* Frameworks */,
				A76FC6B32D51917F002E6B3B /* Resources */,
			);
			buildRules = (
			);
			dependencies = (
			);
			fileSystemSynchronizedGroups = (
				A76FC6BB2D51917F002E6B3B /* PearDBPhoneWidget */,
			);
			name = PearDBPhoneWidgetExtension;
			packageProductDependencies = (
			);
			productName = PearDBPhoneWidgetExtension;
			productReference = A76FC6B52D51917F002E6B3B /* PearDBPhoneWidgetExtension.appex */;
			productType = "com.apple.product-type.app-extension";
		};
		A76FC6CE2D5191B5002E6B3B /* PearDBWatch */ = {
			isa = PBXNativeTarget;
			buildConfigurationList = A76FC6DD2D5191B7002E6B3B /* Build configuration list for PBXNativeTarget "PearDBWatch" */;
			buildPhases = (
				A76FC6CB2D5191B5002E6B3B /* Sources */,
				A76FC6CC2D5191B5002E6B3B /* Frameworks */,
				A76FC6CD2D5191B5002E6B3B /* Resources */,
				A76FC6F52D5191D3002E6B3B /* Embed Foundation Extensions */,
			);
			buildRules = (
			);
			dependencies = (
				A76FC6EF2D5191D3002E6B3B /* PBXTargetDependency */,
			);
			fileSystemSynchronizedGroups = (
				A76FC6D02D5191B5002E6B3B /* PearDBWatch */,
				E654317A2D619722008A3CC5 /* Model */,
				E65431B02D619814008A3CC5 /* API */,
			);
			name = PearDBWatch;
			packageProductDependencies = (
			);
			productName = "PearDBWatch Watch App";
			productReference = A76FC6CF2D5191B5002E6B3B /* PearDBWatch.app */;
			productType = "com.apple.product-type.application";
		};
		A76FC6E42D5191D2002E6B3B /* PearDBWatchWidgetExtension */ = {
			isa = PBXNativeTarget;
			buildConfigurationList = A76FC6F22D5191D3002E6B3B /* Build configuration list for PBXNativeTarget "PearDBWatchWidgetExtension" */;
			buildPhases = (
				A76FC6E12D5191D2002E6B3B /* Sources */,
				A76FC6E22D5191D2002E6B3B /* Frameworks */,
				A76FC6E32D5191D2002E6B3B /* Resources */,
			);
			buildRules = (
			);
			dependencies = (
			);
			fileSystemSynchronizedGroups = (
				A76FC6E82D5191D2002E6B3B /* PearDBWatchWidget */,
			);
			name = PearDBWatchWidgetExtension;
			packageProductDependencies = (
			);
			productName = PearDBWatchWidgetExtension;
			productReference = A76FC6E52D5191D2002E6B3B /* PearDBWatchWidgetExtension.appex */;
			productType = "com.apple.product-type.app-extension";
		};
		A7B6FDA32D5E822F001E2DD6 /* PearDBTV */ = {
			isa = PBXNativeTarget;
			buildConfigurationList = A7B6FDB12D5E8231001E2DD6 /* Build configuration list for PBXNativeTarget "PearDBTV" */;
			buildPhases = (
				A7B6FDA02D5E822F001E2DD6 /* Sources */,
				A7B6FDA12D5E822F001E2DD6 /* Frameworks */,
				A7B6FDA22D5E822F001E2DD6 /* Resources */,
			);
			buildRules = (
			);
			dependencies = (
			);
			fileSystemSynchronizedGroups = (
				A7B6FDA52D5E822F001E2DD6 /* PearDBTV */,
				E654317A2D619722008A3CC5 /* Model */,
				E65431B02D619814008A3CC5 /* API */,
			);
			name = PearDBTV;
			packageProductDependencies = (
			);
			productName = PearDBTV;
			productReference = A7B6FDA42D5E822F001E2DD6 /* PearDBTV.app */;
			productType = "com.apple.product-type.application";
		};
		A7B6FDB52D5E8253001E2DD6 /* PearDBVision */ = {
			isa = PBXNativeTarget;
			buildConfigurationList = A7B6FDC72D5E8255001E2DD6 /* Build configuration list for PBXNativeTarget "PearDBVision" */;
			buildPhases = (
				A7B6FDB22D5E8253001E2DD6 /* Sources */,
				A7B6FDB32D5E8253001E2DD6 /* Frameworks */,
				A7B6FDB42D5E8253001E2DD6 /* Resources */,
			);
			buildRules = (
			);
			dependencies = (
			);
			fileSystemSynchronizedGroups = (
				A7B6FDB72D5E8253001E2DD6 /* PearDBVision */,
				E654317A2D619722008A3CC5 /* Model */,
				E65431B02D619814008A3CC5 /* API */,
			);
			name = PearDBVision;
			packageProductDependencies = (
			);
			productName = PearDBVision;
			productReference = A7B6FDB62D5E8253001E2DD6 /* PearDBVision.app */;
			productType = "com.apple.product-type.application";
		};
		A7EF130E2D6980730020715A /* PearDBMacWidgetExtension */ = {
			isa = PBXNativeTarget;
			buildConfigurationList = A7EF13212D6980750020715A /* Build configuration list for PBXNativeTarget "PearDBMacWidgetExtension" */;
			buildPhases = (
				A7EF130B2D6980730020715A /* Sources */,
				A7EF130C2D6980730020715A /* Frameworks */,
				A7EF130D2D6980730020715A /* Resources */,
			);
			buildRules = (
			);
			dependencies = (
			);
			fileSystemSynchronizedGroups = (
				A7EF13122D6980730020715A /* PearDBMacWidget */,
			);
			name = PearDBMacWidgetExtension;
			packageProductDependencies = (
			);
			productName = PearDBMacWidgetExtension;
			productReference = A7EF130F2D6980730020715A /* PearDBMacWidgetExtension.appex */;
			productType = "com.apple.product-type.app-extension";
		};
		E654315C2D6189E9008A3CC5 /* PearDBMac */ = {
			isa = PBXNativeTarget;
			buildConfigurationList = E654316B2D6189EB008A3CC5 /* Build configuration list for PBXNativeTarget "PearDBMac" */;
			buildPhases = (
				E65431592D6189E9008A3CC5 /* Sources */,
				E654315A2D6189E9008A3CC5 /* Frameworks */,
				E654315B2D6189E9008A3CC5 /* Resources */,
				A7EF131E2D6980750020715A /* Embed Foundation Extensions */,
			);
			buildRules = (
			);
			dependencies = (
				A7EF131C2D6980750020715A /* PBXTargetDependency */,
			);
			fileSystemSynchronizedGroups = (
				E654315E2D6189E9008A3CC5 /* PearDBMac */,
				E654317A2D619722008A3CC5 /* Model */,
				E65431B02D619814008A3CC5 /* API */,
			);
			name = PearDBMac;
			packageProductDependencies = (
			);
			productName = PearDBMac;
			productReference = E654315D2D6189E9008A3CC5 /* PearDBMac.app */;
			productType = "com.apple.product-type.application";
		};
/* End PBXNativeTarget section */

/* Begin PBXProject section */
		A74107C32D5175EB00898B0C /* Project object */ = {
			isa = PBXProject;
			attributes = {
				BuildIndependentTargetsInParallel = 1;
				LastSwiftUpdateCheck = 1620;
				LastUpgradeCheck = 1620;
				TargetAttributes = {
					A74107CA2D5175EB00898B0C = {
						CreatedOnToolsVersion = 16.2;
					};
					A76FC6B42D51917F002E6B3B = {
						CreatedOnToolsVersion = 16.2;
					};
					A76FC6CE2D5191B5002E6B3B = {
						CreatedOnToolsVersion = 16.2;
					};
					A76FC6E42D5191D2002E6B3B = {
						CreatedOnToolsVersion = 16.2;
					};
					A7B6FDA32D5E822F001E2DD6 = {
						CreatedOnToolsVersion = 16.2;
					};
					A7B6FDB52D5E8253001E2DD6 = {
						CreatedOnToolsVersion = 16.2;
					};
					A7EF130E2D6980730020715A = {
						CreatedOnToolsVersion = 16.2;
					};
					E654315C2D6189E9008A3CC5 = {
						CreatedOnToolsVersion = 16.2;
					};
				};
			};
			buildConfigurationList = A74107C62D5175EB00898B0C /* Build configuration list for PBXProject "PearDB" */;
			developmentRegion = en;
			hasScannedForEncodings = 0;
			knownRegions = (
				en,
				Base,
			);
			mainGroup = A74107C22D5175EB00898B0C;
			minimizedProjectReferenceProxies = 1;
			packageReferences = (
			);
			preferredProjectObjectVersion = 77;
			productRefGroup = A74107CC2D5175EB00898B0C /* Products */;
			projectDirPath = "";
			projectRoot = "";
			targets = (
				A74107CA2D5175EB00898B0C /* PearDB */,
				A7B6FDA32D5E822F001E2DD6 /* PearDBTV */,
				E654315C2D6189E9008A3CC5 /* PearDBMac */,
				A7B6FDB52D5E8253001E2DD6 /* PearDBVision */,
				A76FC6CE2D5191B5002E6B3B /* PearDBWatch */,
				A76FC6B42D51917F002E6B3B /* PearDBPhoneWidgetExtension */,
				A76FC6E42D5191D2002E6B3B /* PearDBWatchWidgetExtension */,
				A7EF130E2D6980730020715A /* PearDBMacWidgetExtension */,
			);
		};
/* End PBXProject section */

/* Begin PBXResourcesBuildPhase section */
		A74107C92D5175EB00898B0C /* Resources */ = {
			isa = PBXResourcesBuildPhase;
			buildActionMask = 2147483647;
			files = (
			);
			runOnlyForDeploymentPostprocessing = 0;
		};
		A76FC6B32D51917F002E6B3B /* Resources */ = {
			isa = PBXResourcesBuildPhase;
			buildActionMask = 2147483647;
			files = (
			);
			runOnlyForDeploymentPostprocessing = 0;
		};
		A76FC6CD2D5191B5002E6B3B /* Resources */ = {
			isa = PBXResourcesBuildPhase;
			buildActionMask = 2147483647;
			files = (
			);
			runOnlyForDeploymentPostprocessing = 0;
		};
		A76FC6E32D5191D2002E6B3B /* Resources */ = {
			isa = PBXResourcesBuildPhase;
			buildActionMask = 2147483647;
			files = (
			);
			runOnlyForDeploymentPostprocessing = 0;
		};
		A7B6FDA22D5E822F001E2DD6 /* Resources */ = {
			isa = PBXResourcesBuildPhase;
			buildActionMask = 2147483647;
			files = (
			);
			runOnlyForDeploymentPostprocessing = 0;
		};
		A7B6FDB42D5E8253001E2DD6 /* Resources */ = {
			isa = PBXResourcesBuildPhase;
			buildActionMask = 2147483647;
			files = (
			);
			runOnlyForDeploymentPostprocessing = 0;
		};
		A7EF130D2D6980730020715A /* Resources */ = {
			isa = PBXResourcesBuildPhase;
			buildActionMask = 2147483647;
			files = (
			);
			runOnlyForDeploymentPostprocessing = 0;
		};
		E654315B2D6189E9008A3CC5 /* Resources */ = {
			isa = PBXResourcesBuildPhase;
			buildActionMask = 2147483647;
			files = (
			);
			runOnlyForDeploymentPostprocessing = 0;
		};
/* End PBXResourcesBuildPhase section */

/* Begin PBXSourcesBuildPhase section */
		A74107C72D5175EB00898B0C /* Sources */ = {
			isa = PBXSourcesBuildPhase;
			buildActionMask = 2147483647;
			files = (
			);
			runOnlyForDeploymentPostprocessing = 0;
		};
		A76FC6B12D51917F002E6B3B /* Sources */ = {
			isa = PBXSourcesBuildPhase;
			buildActionMask = 2147483647;
			files = (
			);
			runOnlyForDeploymentPostprocessing = 0;
		};
		A76FC6CB2D5191B5002E6B3B /* Sources */ = {
			isa = PBXSourcesBuildPhase;
			buildActionMask = 2147483647;
			files = (
			);
			runOnlyForDeploymentPostprocessing = 0;
		};
		A76FC6E12D5191D2002E6B3B /* Sources */ = {
			isa = PBXSourcesBuildPhase;
			buildActionMask = 2147483647;
			files = (
			);
			runOnlyForDeploymentPostprocessing = 0;
		};
		A7B6FDA02D5E822F001E2DD6 /* Sources */ = {
			isa = PBXSourcesBuildPhase;
			buildActionMask = 2147483647;
			files = (
			);
			runOnlyForDeploymentPostprocessing = 0;
		};
		A7B6FDB22D5E8253001E2DD6 /* Sources */ = {
			isa = PBXSourcesBuildPhase;
			buildActionMask = 2147483647;
			files = (
			);
			runOnlyForDeploymentPostprocessing = 0;
		};
		A7EF130B2D6980730020715A /* Sources */ = {
			isa = PBXSourcesBuildPhase;
			buildActionMask = 2147483647;
			files = (
			);
			runOnlyForDeploymentPostprocessing = 0;
		};
		E65431592D6189E9008A3CC5 /* Sources */ = {
			isa = PBXSourcesBuildPhase;
			buildActionMask = 2147483647;
			files = (
			);
			runOnlyForDeploymentPostprocessing = 0;
		};
/* End PBXSourcesBuildPhase section */

/* Begin PBXTargetDependency section */
		A76FC6C42D519181002E6B3B /* PBXTargetDependency */ = {
			isa = PBXTargetDependency;
			target = A76FC6B42D51917F002E6B3B /* PearDBPhoneWidgetExtension */;
			targetProxy = A76FC6C32D519181002E6B3B /* PBXContainerItemProxy */;
		};
		A76FC6DB2D5191B7002E6B3B /* PBXTargetDependency */ = {
			isa = PBXTargetDependency;
			target = A76FC6CE2D5191B5002E6B3B /* PearDBWatch */;
			targetProxy = A76FC6DA2D5191B7002E6B3B /* PBXContainerItemProxy */;
		};
		A76FC6EF2D5191D3002E6B3B /* PBXTargetDependency */ = {
			isa = PBXTargetDependency;
			target = A76FC6E42D5191D2002E6B3B /* PearDBWatchWidgetExtension */;
			targetProxy = A76FC6EE2D5191D3002E6B3B /* PBXContainerItemProxy */;
		};
		A7EF131C2D6980750020715A /* PBXTargetDependency */ = {
			isa = PBXTargetDependency;
			target = A7EF130E2D6980730020715A /* PearDBMacWidgetExtension */;
			targetProxy = A7EF131B2D6980750020715A /* PBXContainerItemProxy */;
		};
/* End PBXTargetDependency section */

/* Begin XCBuildConfiguration section */
		A74107D72D5175ED00898B0C /* Debug */ = {
			isa = XCBuildConfiguration;
			buildSettings = {
				ALWAYS_SEARCH_USER_PATHS = NO;
				ASSETCATALOG_COMPILER_GENERATE_SWIFT_ASSET_SYMBOL_EXTENSIONS = YES;
				CLANG_ANALYZER_NONNULL = YES;
				CLANG_ANALYZER_NUMBER_OBJECT_CONVERSION = YES_AGGRESSIVE;
				CLANG_CXX_LANGUAGE_STANDARD = "gnu++20";
				CLANG_ENABLE_MODULES = YES;
				CLANG_ENABLE_OBJC_ARC = YES;
				CLANG_ENABLE_OBJC_WEAK = YES;
				CLANG_WARN_BLOCK_CAPTURE_AUTORELEASING = YES;
				CLANG_WARN_BOOL_CONVERSION = YES;
				CLANG_WARN_COMMA = YES;
				CLANG_WARN_CONSTANT_CONVERSION = YES;
				CLANG_WARN_DEPRECATED_OBJC_IMPLEMENTATIONS = YES;
				CLANG_WARN_DIRECT_OBJC_ISA_USAGE = YES_ERROR;
				CLANG_WARN_DOCUMENTATION_COMMENTS = YES;
				CLANG_WARN_EMPTY_BODY = YES;
				CLANG_WARN_ENUM_CONVERSION = YES;
				CLANG_WARN_INFINITE_RECURSION = YES;
				CLANG_WARN_INT_CONVERSION = YES;
				CLANG_WARN_NON_LITERAL_NULL_CONVERSION = YES;
				CLANG_WARN_OBJC_IMPLICIT_RETAIN_SELF = YES;
				CLANG_WARN_OBJC_LITERAL_CONVERSION = YES;
				CLANG_WARN_OBJC_ROOT_CLASS = YES_ERROR;
				CLANG_WARN_QUOTED_INCLUDE_IN_FRAMEWORK_HEADER = YES;
				CLANG_WARN_RANGE_LOOP_ANALYSIS = YES;
				CLANG_WARN_STRICT_PROTOTYPES = YES;
				CLANG_WARN_SUSPICIOUS_MOVE = YES;
				CLANG_WARN_UNGUARDED_AVAILABILITY = YES_AGGRESSIVE;
				CLANG_WARN_UNREACHABLE_CODE = YES;
				CLANG_WARN__DUPLICATE_METHOD_MATCH = YES;
				COPY_PHASE_STRIP = NO;
				DEBUG_INFORMATION_FORMAT = dwarf;
				ENABLE_STRICT_OBJC_MSGSEND = YES;
				ENABLE_TESTABILITY = YES;
				ENABLE_USER_SCRIPT_SANDBOXING = YES;
				GCC_C_LANGUAGE_STANDARD = gnu17;
				GCC_DYNAMIC_NO_PIC = NO;
				GCC_NO_COMMON_BLOCKS = YES;
				GCC_OPTIMIZATION_LEVEL = 0;
				GCC_PREPROCESSOR_DEFINITIONS = (
					"DEBUG=1",
					"$(inherited)",
				);
				GCC_WARN_64_TO_32_BIT_CONVERSION = YES;
				GCC_WARN_ABOUT_RETURN_TYPE = YES_ERROR;
				GCC_WARN_UNDECLARED_SELECTOR = YES;
				GCC_WARN_UNINITIALIZED_AUTOS = YES_AGGRESSIVE;
				GCC_WARN_UNUSED_FUNCTION = YES;
				GCC_WARN_UNUSED_VARIABLE = YES;
				IPHONEOS_DEPLOYMENT_TARGET = 18.2;
				LOCALIZATION_PREFERS_STRING_CATALOGS = YES;
				MTL_ENABLE_DEBUG_INFO = INCLUDE_SOURCE;
				MTL_FAST_MATH = YES;
				ONLY_ACTIVE_ARCH = YES;
				SDKROOT = iphoneos;
				SWIFT_ACTIVE_COMPILATION_CONDITIONS = "DEBUG $(inherited)";
				SWIFT_OPTIMIZATION_LEVEL = "-Onone";
			};
			name = Debug;
		};
		A74107D82D5175ED00898B0C /* Release */ = {
			isa = XCBuildConfiguration;
			buildSettings = {
				ALWAYS_SEARCH_USER_PATHS = NO;
				ASSETCATALOG_COMPILER_GENERATE_SWIFT_ASSET_SYMBOL_EXTENSIONS = YES;
				CLANG_ANALYZER_NONNULL = YES;
				CLANG_ANALYZER_NUMBER_OBJECT_CONVERSION = YES_AGGRESSIVE;
				CLANG_CXX_LANGUAGE_STANDARD = "gnu++20";
				CLANG_ENABLE_MODULES = YES;
				CLANG_ENABLE_OBJC_ARC = YES;
				CLANG_ENABLE_OBJC_WEAK = YES;
				CLANG_WARN_BLOCK_CAPTURE_AUTORELEASING = YES;
				CLANG_WARN_BOOL_CONVERSION = YES;
				CLANG_WARN_COMMA = YES;
				CLANG_WARN_CONSTANT_CONVERSION = YES;
				CLANG_WARN_DEPRECATED_OBJC_IMPLEMENTATIONS = YES;
				CLANG_WARN_DIRECT_OBJC_ISA_USAGE = YES_ERROR;
				CLANG_WARN_DOCUMENTATION_COMMENTS = YES;
				CLANG_WARN_EMPTY_BODY = YES;
				CLANG_WARN_ENUM_CONVERSION = YES;
				CLANG_WARN_INFINITE_RECURSION = YES;
				CLANG_WARN_INT_CONVERSION = YES;
				CLANG_WARN_NON_LITERAL_NULL_CONVERSION = YES;
				CLANG_WARN_OBJC_IMPLICIT_RETAIN_SELF = YES;
				CLANG_WARN_OBJC_LITERAL_CONVERSION = YES;
				CLANG_WARN_OBJC_ROOT_CLASS = YES_ERROR;
				CLANG_WARN_QUOTED_INCLUDE_IN_FRAMEWORK_HEADER = YES;
				CLANG_WARN_RANGE_LOOP_ANALYSIS = YES;
				CLANG_WARN_STRICT_PROTOTYPES = YES;
				CLANG_WARN_SUSPICIOUS_MOVE = YES;
				CLANG_WARN_UNGUARDED_AVAILABILITY = YES_AGGRESSIVE;
				CLANG_WARN_UNREACHABLE_CODE = YES;
				CLANG_WARN__DUPLICATE_METHOD_MATCH = YES;
				COPY_PHASE_STRIP = NO;
				DEBUG_INFORMATION_FORMAT = "dwarf-with-dsym";
				ENABLE_NS_ASSERTIONS = NO;
				ENABLE_STRICT_OBJC_MSGSEND = YES;
				ENABLE_USER_SCRIPT_SANDBOXING = YES;
				GCC_C_LANGUAGE_STANDARD = gnu17;
				GCC_NO_COMMON_BLOCKS = YES;
				GCC_WARN_64_TO_32_BIT_CONVERSION = YES;
				GCC_WARN_ABOUT_RETURN_TYPE = YES_ERROR;
				GCC_WARN_UNDECLARED_SELECTOR = YES;
				GCC_WARN_UNINITIALIZED_AUTOS = YES_AGGRESSIVE;
				GCC_WARN_UNUSED_FUNCTION = YES;
				GCC_WARN_UNUSED_VARIABLE = YES;
				IPHONEOS_DEPLOYMENT_TARGET = 18.2;
				LOCALIZATION_PREFERS_STRING_CATALOGS = YES;
				MTL_ENABLE_DEBUG_INFO = NO;
				MTL_FAST_MATH = YES;
				SDKROOT = iphoneos;
				SWIFT_COMPILATION_MODE = wholemodule;
				VALIDATE_PRODUCT = YES;
			};
			name = Release;
		};
		A74107DA2D5175ED00898B0C /* Debug */ = {
			isa = XCBuildConfiguration;
			buildSettings = {
				ARCHS = (
					"$(ARCHS_STANDARD)",
					arm64e,
				);
				ASSETCATALOG_COMPILER_APPICON_NAME = AppIcon;
				ASSETCATALOG_COMPILER_GLOBAL_ACCENT_COLOR_NAME = AccentColor;
				CODE_SIGN_ENTITLEMENTS = PearDB/PearDB.entitlements;
				CODE_SIGN_STYLE = Automatic;
				CURRENT_PROJECT_VERSION = 1;
				DEVELOPMENT_ASSET_PATHS = "\"PearDB/Preview Content\"";
				DEVELOPMENT_TEAM = XVQR493263;
				ENABLE_PREVIEWS = YES;
				GENERATE_INFOPLIST_FILE = YES;
				INFOPLIST_FILE = PearDB/Info.plist;
				INFOPLIST_KEY_LSApplicationCategoryType = "public.app-category.utilities";
				INFOPLIST_KEY_NSHumanReadableCopyright = "2025 Kane Parkinson";
				INFOPLIST_KEY_UIApplicationSceneManifest_Generation = YES;
				INFOPLIST_KEY_UIApplicationSupportsIndirectInputEvents = YES;
				INFOPLIST_KEY_UILaunchScreen_Generation = YES;
				INFOPLIST_KEY_UISupportedInterfaceOrientations_iPad = "UIInterfaceOrientationPortrait UIInterfaceOrientationPortraitUpsideDown UIInterfaceOrientationLandscapeLeft UIInterfaceOrientationLandscapeRight";
				INFOPLIST_KEY_UISupportedInterfaceOrientations_iPhone = "UIInterfaceOrientationPortrait UIInterfaceOrientationLandscapeLeft UIInterfaceOrientationLandscapeRight";
				IPHONEOS_DEPLOYMENT_TARGET = 17.0;
				LD_RUNPATH_SEARCH_PATHS = (
					"$(inherited)",
					"@executable_path/Frameworks",
				);
				MARKETING_VERSION = 0.2.0;
				PRODUCT_BUNDLE_IDENTIFIER = com.hydrate.PearDB;
				PRODUCT_NAME = "$(TARGET_NAME)";
				SUPPORTED_PLATFORMS = "iphoneos iphonesimulator";
				SUPPORTS_MACCATALYST = NO;
				SUPPORTS_MAC_DESIGNED_FOR_IPHONE_IPAD = NO;
				SUPPORTS_XR_DESIGNED_FOR_IPHONE_IPAD = NO;
				SWIFT_EMIT_LOC_STRINGS = YES;
				SWIFT_VERSION = 5.0;
				TARGETED_DEVICE_FAMILY = "1,2";
			};
			name = Debug;
		};
		A74107DB2D5175ED00898B0C /* Release */ = {
			isa = XCBuildConfiguration;
			buildSettings = {
				ARCHS = (
					"$(ARCHS_STANDARD)",
					arm64e,
				);
				ASSETCATALOG_COMPILER_APPICON_NAME = AppIcon;
				ASSETCATALOG_COMPILER_GLOBAL_ACCENT_COLOR_NAME = AccentColor;
				CODE_SIGN_ENTITLEMENTS = PearDB/PearDB.entitlements;
				CODE_SIGN_STYLE = Automatic;
				CURRENT_PROJECT_VERSION = 1;
				DEVELOPMENT_ASSET_PATHS = "\"PearDB/Preview Content\"";
				DEVELOPMENT_TEAM = XVQR493263;
				ENABLE_PREVIEWS = YES;
				GENERATE_INFOPLIST_FILE = YES;
				INFOPLIST_FILE = PearDB/Info.plist;
				INFOPLIST_KEY_LSApplicationCategoryType = "public.app-category.utilities";
				INFOPLIST_KEY_NSHumanReadableCopyright = "2025 Kane Parkinson";
				INFOPLIST_KEY_UIApplicationSceneManifest_Generation = YES;
				INFOPLIST_KEY_UIApplicationSupportsIndirectInputEvents = YES;
				INFOPLIST_KEY_UILaunchScreen_Generation = YES;
				INFOPLIST_KEY_UISupportedInterfaceOrientations_iPad = "UIInterfaceOrientationPortrait UIInterfaceOrientationPortraitUpsideDown UIInterfaceOrientationLandscapeLeft UIInterfaceOrientationLandscapeRight";
				INFOPLIST_KEY_UISupportedInterfaceOrientations_iPhone = "UIInterfaceOrientationPortrait UIInterfaceOrientationLandscapeLeft UIInterfaceOrientationLandscapeRight";
				IPHONEOS_DEPLOYMENT_TARGET = 17.0;
				LD_RUNPATH_SEARCH_PATHS = (
					"$(inherited)",
					"@executable_path/Frameworks",
				);
				MARKETING_VERSION = 0.2.0;
				PRODUCT_BUNDLE_IDENTIFIER = com.hydrate.PearDB;
				PRODUCT_NAME = "$(TARGET_NAME)";
				SUPPORTED_PLATFORMS = "iphoneos iphonesimulator";
				SUPPORTS_MACCATALYST = NO;
				SUPPORTS_MAC_DESIGNED_FOR_IPHONE_IPAD = NO;
				SUPPORTS_XR_DESIGNED_FOR_IPHONE_IPAD = NO;
				SWIFT_EMIT_LOC_STRINGS = YES;
				SWIFT_VERSION = 5.0;
				TARGETED_DEVICE_FAMILY = "1,2";
			};
			name = Release;
		};
		A76FC6C82D519181002E6B3B /* Debug */ = {
			isa = XCBuildConfiguration;
			buildSettings = {
				ARCHS = (
					"$(ARCHS_STANDARD)",
					arm64e,
				);
				ASSETCATALOG_COMPILER_GLOBAL_ACCENT_COLOR_NAME = AccentColor;
				ASSETCATALOG_COMPILER_WIDGET_BACKGROUND_COLOR_NAME = WidgetBackground;
				CODE_SIGN_STYLE = Automatic;
				CURRENT_PROJECT_VERSION = 1;
				DEVELOPMENT_TEAM = XVQR493263;
				GENERATE_INFOPLIST_FILE = YES;
				INFOPLIST_FILE = PearDBPhoneWidget/Info.plist;
				INFOPLIST_KEY_CFBundleDisplayName = PearDBPhoneWidget;
				INFOPLIST_KEY_LSApplicationCategoryType = "public.app-category.utilities";
				INFOPLIST_KEY_NSHumanReadableCopyright = "2025 Kane Parkinson";
				IPHONEOS_DEPLOYMENT_TARGET = 17.0;
				LD_RUNPATH_SEARCH_PATHS = (
					"$(inherited)",
					"@executable_path/Frameworks",
					"@executable_path/../../Frameworks",
				);
				MARKETING_VERSION = 0.2.0;
				PRODUCT_BUNDLE_IDENTIFIER = com.hydrate.PearDB.PearDBPhoneWidget;
				PRODUCT_NAME = "$(TARGET_NAME)";
				SKIP_INSTALL = YES;
				SUPPORTED_PLATFORMS = "iphoneos iphonesimulator";
				SUPPORTS_MACCATALYST = NO;
				SUPPORTS_MAC_DESIGNED_FOR_IPHONE_IPAD = NO;
				SUPPORTS_XR_DESIGNED_FOR_IPHONE_IPAD = NO;
				SWIFT_EMIT_LOC_STRINGS = YES;
				SWIFT_VERSION = 5.0;
				TARGETED_DEVICE_FAMILY = "1,2";
			};
			name = Debug;
		};
		A76FC6C92D519181002E6B3B /* Release */ = {
			isa = XCBuildConfiguration;
			buildSettings = {
				ARCHS = (
					"$(ARCHS_STANDARD)",
					arm64e,
				);
				ASSETCATALOG_COMPILER_GLOBAL_ACCENT_COLOR_NAME = AccentColor;
				ASSETCATALOG_COMPILER_WIDGET_BACKGROUND_COLOR_NAME = WidgetBackground;
				CODE_SIGN_STYLE = Automatic;
				CURRENT_PROJECT_VERSION = 1;
				DEVELOPMENT_TEAM = XVQR493263;
				GENERATE_INFOPLIST_FILE = YES;
				INFOPLIST_FILE = PearDBPhoneWidget/Info.plist;
				INFOPLIST_KEY_CFBundleDisplayName = PearDBPhoneWidget;
				INFOPLIST_KEY_LSApplicationCategoryType = "public.app-category.utilities";
				INFOPLIST_KEY_NSHumanReadableCopyright = "2025 Kane Parkinson";
				IPHONEOS_DEPLOYMENT_TARGET = 17.0;
				LD_RUNPATH_SEARCH_PATHS = (
					"$(inherited)",
					"@executable_path/Frameworks",
					"@executable_path/../../Frameworks",
				);
				MARKETING_VERSION = 0.2.0;
				PRODUCT_BUNDLE_IDENTIFIER = com.hydrate.PearDB.PearDBPhoneWidget;
				PRODUCT_NAME = "$(TARGET_NAME)";
				SKIP_INSTALL = YES;
				SUPPORTED_PLATFORMS = "iphoneos iphonesimulator";
				SUPPORTS_MACCATALYST = NO;
				SUPPORTS_MAC_DESIGNED_FOR_IPHONE_IPAD = NO;
				SUPPORTS_XR_DESIGNED_FOR_IPHONE_IPAD = NO;
				SWIFT_EMIT_LOC_STRINGS = YES;
				SWIFT_VERSION = 5.0;
				TARGETED_DEVICE_FAMILY = "1,2";
			};
			name = Release;
		};
		A76FC6DE2D5191B7002E6B3B /* Debug */ = {
			isa = XCBuildConfiguration;
			buildSettings = {
				ARCHS = (
					"$(ARCHS_STANDARD)",
					arm64e,
				);
				ASSETCATALOG_COMPILER_APPICON_NAME = AppIcon;
				ASSETCATALOG_COMPILER_GLOBAL_ACCENT_COLOR_NAME = AccentColor;
				CODE_SIGN_STYLE = Automatic;
				CURRENT_PROJECT_VERSION = 1;
				DEVELOPMENT_ASSET_PATHS = "\"PearDBWatch/Preview Content\"";
				DEVELOPMENT_TEAM = XVQR493263;
				ENABLE_PREVIEWS = YES;
				GENERATE_INFOPLIST_FILE = YES;
				INFOPLIST_FILE = PearDBWatch/Info.plist;
				INFOPLIST_KEY_CFBundleDisplayName = PearDB;
				INFOPLIST_KEY_UISupportedInterfaceOrientations = "UIInterfaceOrientationPortrait UIInterfaceOrientationPortraitUpsideDown";
				INFOPLIST_KEY_WKCompanionAppBundleIdentifier = com.hydrate.PearDB;
				LD_RUNPATH_SEARCH_PATHS = (
					"$(inherited)",
					"@executable_path/Frameworks",
				);
				MARKETING_VERSION = 0.2.0;
				PRODUCT_BUNDLE_IDENTIFIER = com.hydrate.PearDB.watchkitapp;
				PRODUCT_NAME = "$(TARGET_NAME)";
				SDKROOT = watchos;
				SKIP_INSTALL = YES;
				SWIFT_EMIT_LOC_STRINGS = YES;
				SWIFT_VERSION = 5.0;
				TARGETED_DEVICE_FAMILY = 4;
				WATCHOS_DEPLOYMENT_TARGET = 10.0;
			};
			name = Debug;
		};
		A76FC6DF2D5191B7002E6B3B /* Release */ = {
			isa = XCBuildConfiguration;
			buildSettings = {
				ARCHS = (
					"$(ARCHS_STANDARD)",
					arm64e,
				);
				ASSETCATALOG_COMPILER_APPICON_NAME = AppIcon;
				ASSETCATALOG_COMPILER_GLOBAL_ACCENT_COLOR_NAME = AccentColor;
				CODE_SIGN_STYLE = Automatic;
				CURRENT_PROJECT_VERSION = 1;
				DEVELOPMENT_ASSET_PATHS = "\"PearDBWatch/Preview Content\"";
				DEVELOPMENT_TEAM = XVQR493263;
				ENABLE_PREVIEWS = YES;
				GENERATE_INFOPLIST_FILE = YES;
				INFOPLIST_FILE = PearDBWatch/Info.plist;
				INFOPLIST_KEY_CFBundleDisplayName = PearDB;
				INFOPLIST_KEY_UISupportedInterfaceOrientations = "UIInterfaceOrientationPortrait UIInterfaceOrientationPortraitUpsideDown";
				INFOPLIST_KEY_WKCompanionAppBundleIdentifier = com.hydrate.PearDB;
				LD_RUNPATH_SEARCH_PATHS = (
					"$(inherited)",
					"@executable_path/Frameworks",
				);
				MARKETING_VERSION = 0.2.0;
				PRODUCT_BUNDLE_IDENTIFIER = com.hydrate.PearDB.watchkitapp;
				PRODUCT_NAME = "$(TARGET_NAME)";
				SDKROOT = watchos;
				SKIP_INSTALL = YES;
				SWIFT_EMIT_LOC_STRINGS = YES;
				SWIFT_VERSION = 5.0;
				TARGETED_DEVICE_FAMILY = 4;
				WATCHOS_DEPLOYMENT_TARGET = 10.0;
			};
			name = Release;
		};
		A76FC6F32D5191D3002E6B3B /* Debug */ = {
			isa = XCBuildConfiguration;
			buildSettings = {
				ARCHS = (
					"$(ARCHS_STANDARD)",
					arm64e,
				);
				ASSETCATALOG_COMPILER_GLOBAL_ACCENT_COLOR_NAME = AccentColor;
				ASSETCATALOG_COMPILER_WIDGET_BACKGROUND_COLOR_NAME = WidgetBackground;
				CODE_SIGN_STYLE = Automatic;
				CURRENT_PROJECT_VERSION = 1;
				DEVELOPMENT_TEAM = XVQR493263;
				GENERATE_INFOPLIST_FILE = YES;
				INFOPLIST_FILE = PearDBWatchWidget/Info.plist;
				INFOPLIST_KEY_CFBundleDisplayName = PearDBWatchWidget;
				INFOPLIST_KEY_NSHumanReadableCopyright = "2025 Kane Parkinson";
				LD_RUNPATH_SEARCH_PATHS = (
					"$(inherited)",
					"@executable_path/Frameworks",
					"@executable_path/../../Frameworks",
					"@executable_path/../../../../Frameworks",
				);
				MARKETING_VERSION = 0.2.0;
				PRODUCT_BUNDLE_IDENTIFIER = com.hydrate.PearDB.watchkitapp.PearDBWatchWidget;
				PRODUCT_NAME = "$(TARGET_NAME)";
				SDKROOT = watchos;
				SKIP_INSTALL = YES;
				SWIFT_EMIT_LOC_STRINGS = YES;
				SWIFT_VERSION = 5.0;
				TARGETED_DEVICE_FAMILY = 4;
				WATCHOS_DEPLOYMENT_TARGET = 10.0;
			};
			name = Debug;
		};
		A76FC6F42D5191D3002E6B3B /* Release */ = {
			isa = XCBuildConfiguration;
			buildSettings = {
				ARCHS = (
					"$(ARCHS_STANDARD)",
					arm64e,
				);
				ASSETCATALOG_COMPILER_GLOBAL_ACCENT_COLOR_NAME = AccentColor;
				ASSETCATALOG_COMPILER_WIDGET_BACKGROUND_COLOR_NAME = WidgetBackground;
				CODE_SIGN_STYLE = Automatic;
				CURRENT_PROJECT_VERSION = 1;
				DEVELOPMENT_TEAM = XVQR493263;
				GENERATE_INFOPLIST_FILE = YES;
				INFOPLIST_FILE = PearDBWatchWidget/Info.plist;
				INFOPLIST_KEY_CFBundleDisplayName = PearDBWatchWidget;
				INFOPLIST_KEY_NSHumanReadableCopyright = "2025 Kane Parkinson";
				LD_RUNPATH_SEARCH_PATHS = (
					"$(inherited)",
					"@executable_path/Frameworks",
					"@executable_path/../../Frameworks",
					"@executable_path/../../../../Frameworks",
				);
				MARKETING_VERSION = 0.2.0;
				PRODUCT_BUNDLE_IDENTIFIER = com.hydrate.PearDB.watchkitapp.PearDBWatchWidget;
				PRODUCT_NAME = "$(TARGET_NAME)";
				SDKROOT = watchos;
				SKIP_INSTALL = YES;
				SWIFT_EMIT_LOC_STRINGS = YES;
				SWIFT_VERSION = 5.0;
				TARGETED_DEVICE_FAMILY = 4;
				WATCHOS_DEPLOYMENT_TARGET = 10.0;
			};
			name = Release;
		};
		A7B6FDAF2D5E8231001E2DD6 /* Debug */ = {
			isa = XCBuildConfiguration;
			buildSettings = {
				ARCHS = "$(ARCHS_STANDARD)";
				ASSETCATALOG_COMPILER_APPICON_NAME = "App Icon & Top Shelf Image";
				ASSETCATALOG_COMPILER_GLOBAL_ACCENT_COLOR_NAME = AccentColor;
				CODE_SIGN_STYLE = Automatic;
				CURRENT_PROJECT_VERSION = 1;
				DEVELOPMENT_ASSET_PATHS = "\"PearDBTV/Preview Content\"";
				DEVELOPMENT_TEAM = XVQR493263;
				ENABLE_PREVIEWS = YES;
				GENERATE_INFOPLIST_FILE = YES;
				INFOPLIST_FILE = PearDBTV/Info.plist;
				INFOPLIST_KEY_CFBundleDisplayName = PearDB;
				INFOPLIST_KEY_LSApplicationCategoryType = "public.app-category.utilities";
				INFOPLIST_KEY_UILaunchScreen_Generation = YES;
				INFOPLIST_KEY_UIUserInterfaceStyle = Automatic;
				LD_RUNPATH_SEARCH_PATHS = (
					"$(inherited)",
					"@executable_path/Frameworks",
				);
				MARKETING_VERSION = 0.2.0;
				PRODUCT_BUNDLE_IDENTIFIER = com.hydrate.PearDB;
				PRODUCT_NAME = "$(TARGET_NAME)";
				SDKROOT = appletvos;
				SWIFT_EMIT_LOC_STRINGS = YES;
				SWIFT_VERSION = 5.0;
				TARGETED_DEVICE_FAMILY = 3;
				TVOS_DEPLOYMENT_TARGET = 17.0;
			};
			name = Debug;
		};
		A7B6FDB02D5E8231001E2DD6 /* Release */ = {
			isa = XCBuildConfiguration;
			buildSettings = {
				ARCHS = "$(ARCHS_STANDARD)";
				ASSETCATALOG_COMPILER_APPICON_NAME = "App Icon & Top Shelf Image";
				ASSETCATALOG_COMPILER_GLOBAL_ACCENT_COLOR_NAME = AccentColor;
				CODE_SIGN_STYLE = Automatic;
				CURRENT_PROJECT_VERSION = 1;
				DEVELOPMENT_ASSET_PATHS = "\"PearDBTV/Preview Content\"";
				DEVELOPMENT_TEAM = XVQR493263;
				ENABLE_PREVIEWS = YES;
				GENERATE_INFOPLIST_FILE = YES;
				INFOPLIST_FILE = PearDBTV/Info.plist;
				INFOPLIST_KEY_CFBundleDisplayName = PearDB;
				INFOPLIST_KEY_LSApplicationCategoryType = "public.app-category.utilities";
				INFOPLIST_KEY_UILaunchScreen_Generation = YES;
				INFOPLIST_KEY_UIUserInterfaceStyle = Automatic;
				LD_RUNPATH_SEARCH_PATHS = (
					"$(inherited)",
					"@executable_path/Frameworks",
				);
				MARKETING_VERSION = 0.2.0;
				PRODUCT_BUNDLE_IDENTIFIER = com.hydrate.PearDB;
				PRODUCT_NAME = "$(TARGET_NAME)";
				SDKROOT = appletvos;
				SWIFT_EMIT_LOC_STRINGS = YES;
				SWIFT_VERSION = 5.0;
				TARGETED_DEVICE_FAMILY = 3;
				TVOS_DEPLOYMENT_TARGET = 17.0;
			};
			name = Release;
		};
		A7B6FDC82D5E8255001E2DD6 /* Debug */ = {
			isa = XCBuildConfiguration;
			buildSettings = {
				ARCHS = (
					"$(ARCHS_STANDARD)",
					arm64e,
				);
				ASSETCATALOG_COMPILER_APPICON_NAME = AppIcon;
				ASSETCATALOG_COMPILER_GLOBAL_ACCENT_COLOR_NAME = AccentColor;
				CODE_SIGN_STYLE = Automatic;
				CURRENT_PROJECT_VERSION = 1;
				DEVELOPMENT_ASSET_PATHS = "\"PearDBVision/Preview Content\"";
				DEVELOPMENT_TEAM = XVQR493263;
				ENABLE_PREVIEWS = YES;
				GENERATE_INFOPLIST_FILE = YES;
				INFOPLIST_FILE = "$(TARGET_NAME)/Info.plist";
				INFOPLIST_KEY_CFBundleDisplayName = PearDB;
				LD_RUNPATH_SEARCH_PATHS = (
					"$(inherited)",
					"@executable_path/Frameworks",
				);
				MARKETING_VERSION = 0.2.0;
				PRODUCT_BUNDLE_IDENTIFIER = com.hydrate.PearDB;
				PRODUCT_NAME = "$(TARGET_NAME)";
				SDKROOT = xros;
				SUPPORTED_PLATFORMS = "xros xrsimulator";
				SWIFT_EMIT_LOC_STRINGS = YES;
				SWIFT_VERSION = 5.0;
				TARGETED_DEVICE_FAMILY = 7;
				XROS_DEPLOYMENT_TARGET = 1.0;
			};
			name = Debug;
		};
		A7B6FDC92D5E8255001E2DD6 /* Release */ = {
			isa = XCBuildConfiguration;
			buildSettings = {
				ARCHS = (
					"$(ARCHS_STANDARD)",
					arm64e,
				);
				ASSETCATALOG_COMPILER_APPICON_NAME = AppIcon;
				ASSETCATALOG_COMPILER_GLOBAL_ACCENT_COLOR_NAME = AccentColor;
				CODE_SIGN_STYLE = Automatic;
				CURRENT_PROJECT_VERSION = 1;
				DEVELOPMENT_ASSET_PATHS = "\"PearDBVision/Preview Content\"";
				DEVELOPMENT_TEAM = XVQR493263;
				ENABLE_PREVIEWS = YES;
				GENERATE_INFOPLIST_FILE = YES;
				INFOPLIST_FILE = "$(TARGET_NAME)/Info.plist";
				INFOPLIST_KEY_CFBundleDisplayName = PearDB;
				LD_RUNPATH_SEARCH_PATHS = (
					"$(inherited)",
					"@executable_path/Frameworks",
				);
				MARKETING_VERSION = 0.2.0;
				PRODUCT_BUNDLE_IDENTIFIER = com.hydrate.PearDB;
				PRODUCT_NAME = "$(TARGET_NAME)";
				SDKROOT = xros;
				SUPPORTED_PLATFORMS = "xros xrsimulator";
				SWIFT_EMIT_LOC_STRINGS = YES;
				SWIFT_VERSION = 5.0;
				TARGETED_DEVICE_FAMILY = 7;
				XROS_DEPLOYMENT_TARGET = 1.0;
			};
			name = Release;
		};
		A7EF131F2D6980750020715A /* Debug */ = {
			isa = XCBuildConfiguration;
			buildSettings = {
				ASSETCATALOG_COMPILER_GLOBAL_ACCENT_COLOR_NAME = AccentColor;
				ASSETCATALOG_COMPILER_WIDGET_BACKGROUND_COLOR_NAME = WidgetBackground;
				CODE_SIGN_ENTITLEMENTS = PearDBMacWidget/PearDBMacWidget.entitlements;
				"CODE_SIGN_IDENTITY[sdk=macosx*]" = "Apple Development";
				CODE_SIGN_STYLE = Automatic;
				CURRENT_PROJECT_VERSION = 1;
				DEVELOPMENT_TEAM = XVQR493263;
				ENABLE_HARDENED_RUNTIME = YES;
				GENERATE_INFOPLIST_FILE = YES;
				INFOPLIST_FILE = PearDBMacWidget/Info.plist;
				INFOPLIST_KEY_CFBundleDisplayName = PearDBMacWidget;
				INFOPLIST_KEY_NSHumanReadableCopyright = "";
				LD_RUNPATH_SEARCH_PATHS = (
					"$(inherited)",
					"@executable_path/../Frameworks",
					"@executable_path/../../../../Frameworks",
				);
				MACOSX_DEPLOYMENT_TARGET = 14.0;
				MARKETING_VERSION = 0.2.0;
				PRODUCT_BUNDLE_IDENTIFIER = com.hydrate.PearDB.PearDBMacWidget;
				PRODUCT_NAME = "$(TARGET_NAME)";
				SDKROOT = macosx;
				SKIP_INSTALL = YES;
				SWIFT_EMIT_LOC_STRINGS = YES;
				SWIFT_VERSION = 5.0;
			};
			name = Debug;
		};
		A7EF13202D6980750020715A /* Release */ = {
			isa = XCBuildConfiguration;
			buildSettings = {
				ASSETCATALOG_COMPILER_GLOBAL_ACCENT_COLOR_NAME = AccentColor;
				ASSETCATALOG_COMPILER_WIDGET_BACKGROUND_COLOR_NAME = WidgetBackground;
				CODE_SIGN_ENTITLEMENTS = PearDBMacWidget/PearDBMacWidget.entitlements;
				"CODE_SIGN_IDENTITY[sdk=macosx*]" = "Apple Development";
				CODE_SIGN_STYLE = Automatic;
				CURRENT_PROJECT_VERSION = 1;
				DEVELOPMENT_TEAM = XVQR493263;
				ENABLE_HARDENED_RUNTIME = YES;
				GENERATE_INFOPLIST_FILE = YES;
				INFOPLIST_FILE = PearDBMacWidget/Info.plist;
				INFOPLIST_KEY_CFBundleDisplayName = PearDBMacWidget;
				INFOPLIST_KEY_NSHumanReadableCopyright = "";
				LD_RUNPATH_SEARCH_PATHS = (
					"$(inherited)",
					"@executable_path/../Frameworks",
					"@executable_path/../../../../Frameworks",
				);
				MACOSX_DEPLOYMENT_TARGET = 14.0;
				MARKETING_VERSION = 0.2.0;
				PRODUCT_BUNDLE_IDENTIFIER = com.hydrate.PearDB.PearDBMacWidget;
				PRODUCT_NAME = "$(TARGET_NAME)";
				SDKROOT = macosx;
				SKIP_INSTALL = YES;
				SWIFT_EMIT_LOC_STRINGS = YES;
				SWIFT_VERSION = 5.0;
			};
			name = Release;
		};
		E65431692D6189EB008A3CC5 /* Debug */ = {
			isa = XCBuildConfiguration;
			buildSettings = {
				ARCHS = "$(ARCHS_STANDARD)";
				ASSETCATALOG_COMPILER_APPICON_NAME = AppIcon;
				ASSETCATALOG_COMPILER_GLOBAL_ACCENT_COLOR_NAME = AccentColor;
				CODE_SIGN_ENTITLEMENTS = PearDBMac/PearDBMac.entitlements;
				CODE_SIGN_IDENTITY = "Apple Development";
				"CODE_SIGN_IDENTITY[sdk=macosx*]" = "Apple Development";
				CODE_SIGN_STYLE = Automatic;
				COMBINE_HIDPI_IMAGES = YES;
				CURRENT_PROJECT_VERSION = 1;
				DEVELOPMENT_ASSET_PATHS = "\"PearDBMac/Preview Content\"";
				DEVELOPMENT_TEAM = XVQR493263;
				ENABLE_PREVIEWS = YES;
				GENERATE_INFOPLIST_FILE = YES;
				INFOPLIST_FILE = PearDBMac/Info.plist;
				INFOPLIST_KEY_CFBundleDisplayName = PearDB;
				INFOPLIST_KEY_LSApplicationCategoryType = "public.app-category.utilities";
				INFOPLIST_KEY_NSHumanReadableCopyright = "2025 Kane Parkinson";
				LD_RUNPATH_SEARCH_PATHS = (
					"$(inherited)",
					"@executable_path/../Frameworks",
				);
				MACOSX_DEPLOYMENT_TARGET = 14.0;
				MARKETING_VERSION = 0.2.0;
				PRODUCT_BUNDLE_IDENTIFIER = com.hydrate.PearDB;
				PRODUCT_NAME = PearDBMac;
				PROVISIONING_PROFILE_SPECIFIER = "";
				SDKROOT = macosx;
				SWIFT_EMIT_LOC_STRINGS = YES;
				SWIFT_VERSION = 5.0;
			};
			name = Debug;
		};
		E654316A2D6189EB008A3CC5 /* Release */ = {
			isa = XCBuildConfiguration;
			buildSettings = {
				ARCHS = "$(ARCHS_STANDARD)";
				ASSETCATALOG_COMPILER_APPICON_NAME = AppIcon;
				ASSETCATALOG_COMPILER_GLOBAL_ACCENT_COLOR_NAME = AccentColor;
				CODE_SIGN_ENTITLEMENTS = PearDBMac/PearDBMac.entitlements;
				CODE_SIGN_IDENTITY = "Apple Development";
				"CODE_SIGN_IDENTITY[sdk=macosx*]" = "Apple Development";
				CODE_SIGN_STYLE = Automatic;
				COMBINE_HIDPI_IMAGES = YES;
				CURRENT_PROJECT_VERSION = 1;
				DEVELOPMENT_ASSET_PATHS = "\"PearDBMac/Preview Content\"";
				DEVELOPMENT_TEAM = XVQR493263;
				ENABLE_PREVIEWS = YES;
				GENERATE_INFOPLIST_FILE = YES;
				INFOPLIST_FILE = PearDBMac/Info.plist;
				INFOPLIST_KEY_CFBundleDisplayName = PearDB;
				INFOPLIST_KEY_LSApplicationCategoryType = "public.app-category.utilities";
				INFOPLIST_KEY_NSHumanReadableCopyright = "2025 Kane Parkinson";
				LD_RUNPATH_SEARCH_PATHS = (
					"$(inherited)",
					"@executable_path/../Frameworks",
				);
				MACOSX_DEPLOYMENT_TARGET = 14.0;
				MARKETING_VERSION = 0.2.0;
				PRODUCT_BUNDLE_IDENTIFIER = com.hydrate.PearDB;
				PRODUCT_NAME = PearDBMac;
				PROVISIONING_PROFILE_SPECIFIER = "";
				SDKROOT = macosx;
				SWIFT_EMIT_LOC_STRINGS = YES;
				SWIFT_VERSION = 5.0;
			};
			name = Release;
		};
/* End XCBuildConfiguration section */

/* Begin XCConfigurationList section */
		A74107C62D5175EB00898B0C /* Build configuration list for PBXProject "PearDB" */ = {
			isa = XCConfigurationList;
			buildConfigurations = (
				A74107D72D5175ED00898B0C /* Debug */,
				A74107D82D5175ED00898B0C /* Release */,
			);
			defaultConfigurationIsVisible = 0;
			defaultConfigurationName = Release;
		};
		A74107D92D5175ED00898B0C /* Build configuration list for PBXNativeTarget "PearDB" */ = {
			isa = XCConfigurationList;
			buildConfigurations = (
				A74107DA2D5175ED00898B0C /* Debug */,
				A74107DB2D5175ED00898B0C /* Release */,
			);
			defaultConfigurationIsVisible = 0;
			defaultConfigurationName = Release;
		};
		A76FC6C72D519181002E6B3B /* Build configuration list for PBXNativeTarget "PearDBPhoneWidgetExtension" */ = {
			isa = XCConfigurationList;
			buildConfigurations = (
				A76FC6C82D519181002E6B3B /* Debug */,
				A76FC6C92D519181002E6B3B /* Release */,
			);
			defaultConfigurationIsVisible = 0;
			defaultConfigurationName = Release;
		};
		A76FC6DD2D5191B7002E6B3B /* Build configuration list for PBXNativeTarget "PearDBWatch" */ = {
			isa = XCConfigurationList;
			buildConfigurations = (
				A76FC6DE2D5191B7002E6B3B /* Debug */,
				A76FC6DF2D5191B7002E6B3B /* Release */,
			);
			defaultConfigurationIsVisible = 0;
			defaultConfigurationName = Release;
		};
		A76FC6F22D5191D3002E6B3B /* Build configuration list for PBXNativeTarget "PearDBWatchWidgetExtension" */ = {
			isa = XCConfigurationList;
			buildConfigurations = (
				A76FC6F32D5191D3002E6B3B /* Debug */,
				A76FC6F42D5191D3002E6B3B /* Release */,
			);
			defaultConfigurationIsVisible = 0;
			defaultConfigurationName = Release;
		};
		A7B6FDB12D5E8231001E2DD6 /* Build configuration list for PBXNativeTarget "PearDBTV" */ = {
			isa = XCConfigurationList;
			buildConfigurations = (
				A7B6FDAF2D5E8231001E2DD6 /* Debug */,
				A7B6FDB02D5E8231001E2DD6 /* Release */,
			);
			defaultConfigurationIsVisible = 0;
			defaultConfigurationName = Release;
		};
		A7B6FDC72D5E8255001E2DD6 /* Build configuration list for PBXNativeTarget "PearDBVision" */ = {
			isa = XCConfigurationList;
			buildConfigurations = (
				A7B6FDC82D5E8255001E2DD6 /* Debug */,
				A7B6FDC92D5E8255001E2DD6 /* Release */,
			);
			defaultConfigurationIsVisible = 0;
			defaultConfigurationName = Release;
		};
		A7EF13212D6980750020715A /* Build configuration list for PBXNativeTarget "PearDBMacWidgetExtension" */ = {
			isa = XCConfigurationList;
			buildConfigurations = (
				A7EF131F2D6980750020715A /* Debug */,
				A7EF13202D6980750020715A /* Release */,
			);
			defaultConfigurationIsVisible = 0;
			defaultConfigurationName = Release;
		};
		E654316B2D6189EB008A3CC5 /* Build configuration list for PBXNativeTarget "PearDBMac" */ = {
			isa = XCConfigurationList;
			buildConfigurations = (
				E65431692D6189EB008A3CC5 /* Debug */,
				E654316A2D6189EB008A3CC5 /* Release */,
			);
			defaultConfigurationIsVisible = 0;
			defaultConfigurationName = Release;
		};
/* End XCConfigurationList section */
	};
	rootObject = A74107C32D5175EB00898B0C /* Project object */;
}
